// !$*UTF8*$!
{
	archiveVersion = 1;
	classes = {
	};
	objectVersion = 46;
	objects = {

/* Begin PBXBuildFile section */
		1D60589F0D05DD5A006BFB54 /* Foundation.framework in Frameworks */ = {isa = PBXBuildFile; fileRef = 1D30AB110D05D00D00671497 /* Foundation.framework */; };
		1DF5F4E00D08C38300B7A737 /* UIKit.framework in Frameworks */ = {isa = PBXBuildFile; fileRef = 1DF5F4DF0D08C38300B7A737 /* UIKit.framework */; };
		288765A50DF7441C002DB57D /* CoreGraphics.framework in Frameworks */ = {isa = PBXBuildFile; fileRef = 288765A40DF7441C002DB57D /* CoreGraphics.framework */; };
		46880B8819C43A87006E1F66 /* AppDelegate.cpp in Sources */ = {isa = PBXBuildFile; fileRef = 46880B8419C43A87006E1F66 /* AppDelegate.cpp */; };
		46880B8919C43A87006E1F66 /* AppDelegate.cpp in Sources */ = {isa = PBXBuildFile; fileRef = 46880B8419C43A87006E1F66 /* AppDelegate.cpp */; };
		46880B8A19C43A87006E1F66 /* HelloWorldScene.cpp in Sources */ = {isa = PBXBuildFile; fileRef = 46880B8619C43A87006E1F66 /* HelloWorldScene.cpp */; };
		46880B8B19C43A87006E1F66 /* HelloWorldScene.cpp in Sources */ = {isa = PBXBuildFile; fileRef = 46880B8619C43A87006E1F66 /* HelloWorldScene.cpp */; };
		503AE0F817EB97AB00D1A890 /* Icon.icns in Resources */ = {isa = PBXBuildFile; fileRef = 503AE0F617EB97AB00D1A890 /* Icon.icns */; };
		503AE10017EB989F00D1A890 /* AppController.mm in Sources */ = {isa = PBXBuildFile; fileRef = 503AE0FB17EB989F00D1A890 /* AppController.mm */; };
		503AE10117EB989F00D1A890 /* main.m in Sources */ = {isa = PBXBuildFile; fileRef = 503AE0FC17EB989F00D1A890 /* main.m */; };
		503AE10217EB989F00D1A890 /* RootViewController.mm in Sources */ = {isa = PBXBuildFile; fileRef = 503AE0FF17EB989F00D1A890 /* RootViewController.mm */; };
		503AE10517EB98FF00D1A890 /* main.cpp in Sources */ = {isa = PBXBuildFile; fileRef = 503AE10317EB98FF00D1A890 /* main.cpp */; };
		503AE11B17EB9C5A00D1A890 /* IOKit.framework in Frameworks */ = {isa = PBXBuildFile; fileRef = 503AE11A17EB9C5A00D1A890 /* IOKit.framework */; };
		5087E76317EB910900C73F5D /* Foundation.framework in Frameworks */ = {isa = PBXBuildFile; fileRef = 1D30AB110D05D00D00671497 /* Foundation.framework */; };
		5087E76717EB910900C73F5D /* libz.dylib in Frameworks */ = {isa = PBXBuildFile; fileRef = BF170DB412928DE900B8313A /* libz.dylib */; };
		5087E76817EB910900C73F5D /* QuartzCore.framework in Frameworks */ = {isa = PBXBuildFile; fileRef = BF1C47EA1293683800B63C5D /* QuartzCore.framework */; };
		5087E76917EB910900C73F5D /* OpenAL.framework in Frameworks */ = {isa = PBXBuildFile; fileRef = D44C620B132DFF330009C878 /* OpenAL.framework */; };
		5087E76A17EB910900C73F5D /* AVFoundation.framework in Frameworks */ = {isa = PBXBuildFile; fileRef = D44C620D132DFF430009C878 /* AVFoundation.framework */; };
		5087E76B17EB910900C73F5D /* AudioToolbox.framework in Frameworks */ = {isa = PBXBuildFile; fileRef = D44C620F132DFF4E0009C878 /* AudioToolbox.framework */; };
		5087E77D17EB970100C73F5D /* Default-568h@2x.png in Resources */ = {isa = PBXBuildFile; fileRef = 5087E77217EB970100C73F5D /* Default-568h@2x.png */; };
		5087E77E17EB970100C73F5D /* Default.png in Resources */ = {isa = PBXBuildFile; fileRef = 5087E77317EB970100C73F5D /* Default.png */; };
		5087E77F17EB970100C73F5D /* Default@2x.png in Resources */ = {isa = PBXBuildFile; fileRef = 5087E77417EB970100C73F5D /* Default@2x.png */; };
		5087E78017EB970100C73F5D /* Icon-114.png in Resources */ = {isa = PBXBuildFile; fileRef = 5087E77517EB970100C73F5D /* Icon-114.png */; };
		5087E78117EB970100C73F5D /* Icon-120.png in Resources */ = {isa = PBXBuildFile; fileRef = 5087E77617EB970100C73F5D /* Icon-120.png */; };
		5087E78217EB970100C73F5D /* Icon-144.png in Resources */ = {isa = PBXBuildFile; fileRef = 5087E77717EB970100C73F5D /* Icon-144.png */; };
		5087E78317EB970100C73F5D /* Icon-152.png in Resources */ = {isa = PBXBuildFile; fileRef = 5087E77817EB970100C73F5D /* Icon-152.png */; };
		5087E78417EB970100C73F5D /* Icon-57.png in Resources */ = {isa = PBXBuildFile; fileRef = 5087E77917EB970100C73F5D /* Icon-57.png */; };
		5087E78517EB970100C73F5D /* Icon-72.png in Resources */ = {isa = PBXBuildFile; fileRef = 5087E77A17EB970100C73F5D /* Icon-72.png */; };
		5087E78617EB970100C73F5D /* Icon-76.png in Resources */ = {isa = PBXBuildFile; fileRef = 5087E77B17EB970100C73F5D /* Icon-76.png */; };
		5087E78917EB974C00C73F5D /* AppKit.framework in Frameworks */ = {isa = PBXBuildFile; fileRef = 5087E78817EB974C00C73F5D /* AppKit.framework */; };
		5087E78B17EB975400C73F5D /* OpenGL.framework in Frameworks */ = {isa = PBXBuildFile; fileRef = 5087E78A17EB975400C73F5D /* OpenGL.framework */; };
		50EF629617ECD46A001EB2F8 /* Icon-40.png in Resources */ = {isa = PBXBuildFile; fileRef = 50EF629217ECD46A001EB2F8 /* Icon-40.png */; };
		50EF629717ECD46A001EB2F8 /* Icon-58.png in Resources */ = {isa = PBXBuildFile; fileRef = 50EF629317ECD46A001EB2F8 /* Icon-58.png */; };
		50EF629817ECD46A001EB2F8 /* Icon-80.png in Resources */ = {isa = PBXBuildFile; fileRef = 50EF629417ECD46A001EB2F8 /* Icon-80.png */; };
		50EF629917ECD46A001EB2F8 /* Icon-100.png in Resources */ = {isa = PBXBuildFile; fileRef = 50EF629517ECD46A001EB2F8 /* Icon-100.png */; };
		50EF62A217ECD613001EB2F8 /* Icon-29.png in Resources */ = {isa = PBXBuildFile; fileRef = 50EF62A017ECD613001EB2F8 /* Icon-29.png */; };
		50EF62A317ECD613001EB2F8 /* Icon-50.png in Resources */ = {isa = PBXBuildFile; fileRef = 50EF62A117ECD613001EB2F8 /* Icon-50.png */; };
		521A8E6419F0C34300D177D7 /* Default-667h@2x.png in Resources */ = {isa = PBXBuildFile; fileRef = 521A8E6219F0C34300D177D7 /* Default-667h@2x.png */; };
		521A8E6519F0C34300D177D7 /* Default-736h@3x.png in Resources */ = {isa = PBXBuildFile; fileRef = 521A8E6319F0C34300D177D7 /* Default-736h@3x.png */; };
		52B47A471A53D09C004E4C60 /* Security.framework in Frameworks */ = {isa = PBXBuildFile; fileRef = 52B47A461A53D09B004E4C60 /* Security.framework */; };
		65864E89AE5B86C9D1F66D1E /* res in Resources */ = {isa = PBXBuildFile; fileRef = 7FDD41ADB08C3C9247273E5B /* res */; };
		8262943E1AAF051F00CB7CF7 /* Security.framework in Frameworks */ = {isa = PBXBuildFile; fileRef = 8262943D1AAF051F00CB7CF7 /* Security.framework */; };
		90AC00BD1BBE50F7002D791A /* sprite in Resources */ = {isa = PBXBuildFile; fileRef = 90AC00BC1BBE50F7002D791A /* sprite */; settings = {ASSET_TAGS = (); }; };
		90AC00BE1BBE50F7002D791A /* sprite in Resources */ = {isa = PBXBuildFile; fileRef = 90AC00BC1BBE50F7002D791A /* sprite */; settings = {ASSET_TAGS = (); }; };
		90AC00C01BBE5106002D791A /* map in Resources */ = {isa = PBXBuildFile; fileRef = 90AC00BF1BBE5106002D791A /* map */; settings = {ASSET_TAGS = (); }; };
		90AC00C11BBE5106002D791A /* map in Resources */ = {isa = PBXBuildFile; fileRef = 90AC00BF1BBE5106002D791A /* map */; settings = {ASSET_TAGS = (); }; };
		90AC00C51BBE5276002D791A /* PHTiledPhysicsMap.cpp in Sources */ = {isa = PBXBuildFile; fileRef = 90AC00C31BBE5276002D791A /* PHTiledPhysicsMap.cpp */; settings = {ASSET_TAGS = (); }; };
		90AC00C61BBE5276002D791A /* PHTiledPhysicsMap.cpp in Sources */ = {isa = PBXBuildFile; fileRef = 90AC00C31BBE5276002D791A /* PHTiledPhysicsMap.cpp */; settings = {ASSET_TAGS = (); }; };
		90AC00CF1BBE560B002D791A /* Box2dWordManger.cpp in Sources */ = {isa = PBXBuildFile; fileRef = 90AC00C91BBE560B002D791A /* Box2dWordManger.cpp */; settings = {ASSET_TAGS = (); }; };
		90AC00D01BBE560B002D791A /* Box2dWordManger.cpp in Sources */ = {isa = PBXBuildFile; fileRef = 90AC00C91BBE560B002D791A /* Box2dWordManger.cpp */; settings = {ASSET_TAGS = (); }; };
		90AC00D11BBE560B002D791A /* GLES-Render.cpp in Sources */ = {isa = PBXBuildFile; fileRef = 90AC00CB1BBE560B002D791A /* GLES-Render.cpp */; settings = {ASSET_TAGS = (); }; };
		90AC00D21BBE560B002D791A /* GLES-Render.cpp in Sources */ = {isa = PBXBuildFile; fileRef = 90AC00CB1BBE560B002D791A /* GLES-Render.cpp */; settings = {ASSET_TAGS = (); }; };
		90AC00D31BBE560B002D791A /* MyContactListener.cpp in Sources */ = {isa = PBXBuildFile; fileRef = 90AC00CD1BBE560B002D791A /* MyContactListener.cpp */; settings = {ASSET_TAGS = (); }; };
		90AC00D41BBE560B002D791A /* MyContactListener.cpp in Sources */ = {isa = PBXBuildFile; fileRef = 90AC00CD1BBE560B002D791A /* MyContactListener.cpp */; settings = {ASSET_TAGS = (); }; };
		90AC00D71BBE570D002D791A /* PHBasePhysicsSprite.cpp in Sources */ = {isa = PBXBuildFile; fileRef = 90AC00D51BBE570D002D791A /* PHBasePhysicsSprite.cpp */; settings = {ASSET_TAGS = (); }; };
		90AC00D81BBE570D002D791A /* PHBasePhysicsSprite.cpp in Sources */ = {isa = PBXBuildFile; fileRef = 90AC00D51BBE570D002D791A /* PHBasePhysicsSprite.cpp */; settings = {ASSET_TAGS = (); }; };
		90AC00DE1BBE6774002D791A /* AStarMap6SideManger.cpp in Sources */ = {isa = PBXBuildFile; fileRef = 90AC00DA1BBE6774002D791A /* AStarMap6SideManger.cpp */; settings = {ASSET_TAGS = (); }; };
		90AC00DF1BBE6774002D791A /* AStarMap6SideManger.cpp in Sources */ = {isa = PBXBuildFile; fileRef = 90AC00DA1BBE6774002D791A /* AStarMap6SideManger.cpp */; settings = {ASSET_TAGS = (); }; };
		90AC00E01BBE6774002D791A /* AStarMapManger.cpp in Sources */ = {isa = PBXBuildFile; fileRef = 90AC00DC1BBE6774002D791A /* AStarMapManger.cpp */; settings = {ASSET_TAGS = (); }; };
		90AC00E11BBE6774002D791A /* AStarMapManger.cpp in Sources */ = {isa = PBXBuildFile; fileRef = 90AC00DC1BBE6774002D791A /* AStarMapManger.cpp */; settings = {ASSET_TAGS = (); }; };
		90AC00E81BBE6921002D791A /* Box2dSprite.cpp in Sources */ = {isa = PBXBuildFile; fileRef = 90AC00E61BBE6921002D791A /* Box2dSprite.cpp */; settings = {ASSET_TAGS = (); }; };
		90AC00E91BBE6921002D791A /* Box2dSprite.cpp in Sources */ = {isa = PBXBuildFile; fileRef = 90AC00E61BBE6921002D791A /* Box2dSprite.cpp */; settings = {ASSET_TAGS = (); }; };
		90AC00EE1BBE6AA2002D791A /* WarScenceLayer.cpp in Sources */ = {isa = PBXBuildFile; fileRef = 90AC00EC1BBE6AA2002D791A /* WarScenceLayer.cpp */; settings = {ASSET_TAGS = (); }; };
		90AC00EF1BBE6AA2002D791A /* WarScenceLayer.cpp in Sources */ = {isa = PBXBuildFile; fileRef = 90AC00EC1BBE6AA2002D791A /* WarScenceLayer.cpp */; settings = {ASSET_TAGS = (); }; };
		90AC018A1BBE8632002D791A /* chaiscript_prelude.chai in Resources */ = {isa = PBXBuildFile; fileRef = 90AC01161BBE8632002D791A /* chaiscript_prelude.chai */; settings = {ASSET_TAGS = (); }; };
		90AC018B1BBE8632002D791A /* descriptor.cc in Sources */ = {isa = PBXBuildFile; fileRef = 90AC01231BBE8632002D791A /* descriptor.cc */; settings = {ASSET_TAGS = (); }; };
		90AC018C1BBE8632002D791A /* descriptor.pb.cc in Sources */ = {isa = PBXBuildFile; fileRef = 90AC01251BBE8632002D791A /* descriptor.pb.cc */; settings = {ASSET_TAGS = (); }; };
		90AC018D1BBE8632002D791A /* descriptor.proto in Resources */ = {isa = PBXBuildFile; fileRef = 90AC01271BBE8632002D791A /* descriptor.proto */; settings = {ASSET_TAGS = (); }; };
		90AC018E1BBE8632002D791A /* descriptor_database.cc in Sources */ = {isa = PBXBuildFile; fileRef = 90AC01281BBE8632002D791A /* descriptor_database.cc */; settings = {ASSET_TAGS = (); }; };
		90AC018F1BBE8632002D791A /* dynamic_message.cc in Sources */ = {isa = PBXBuildFile; fileRef = 90AC012A1BBE8632002D791A /* dynamic_message.cc */; settings = {ASSET_TAGS = (); }; };
		90AC01901BBE8632002D791A /* extension_set.cc in Sources */ = {isa = PBXBuildFile; fileRef = 90AC012C1BBE8632002D791A /* extension_set.cc */; settings = {ASSET_TAGS = (); }; };
		90AC01911BBE8632002D791A /* extension_set_heavy.cc in Sources */ = {isa = PBXBuildFile; fileRef = 90AC012E1BBE8632002D791A /* extension_set_heavy.cc */; settings = {ASSET_TAGS = (); }; };
		90AC01921BBE8632002D791A /* generated_message_reflection.cc in Sources */ = {isa = PBXBuildFile; fileRef = 90AC01301BBE8632002D791A /* generated_message_reflection.cc */; settings = {ASSET_TAGS = (); }; };
		90AC01931BBE8632002D791A /* generated_message_util.cc in Sources */ = {isa = PBXBuildFile; fileRef = 90AC01321BBE8632002D791A /* generated_message_util.cc */; settings = {ASSET_TAGS = (); }; };
		90AC01941BBE8632002D791A /* coded_stream.cc in Sources */ = {isa = PBXBuildFile; fileRef = 90AC01351BBE8632002D791A /* coded_stream.cc */; settings = {ASSET_TAGS = (); }; };
		90AC01951BBE8632002D791A /* gzip_stream.cc in Sources */ = {isa = PBXBuildFile; fileRef = 90AC01381BBE8632002D791A /* gzip_stream.cc */; settings = {ASSET_TAGS = (); }; };
		90AC01961BBE8632002D791A /* printer.cc in Sources */ = {isa = PBXBuildFile; fileRef = 90AC013B1BBE8632002D791A /* printer.cc */; settings = {ASSET_TAGS = (); }; };
		90AC01971BBE8632002D791A /* tokenizer.cc in Sources */ = {isa = PBXBuildFile; fileRef = 90AC013D1BBE8632002D791A /* tokenizer.cc */; settings = {ASSET_TAGS = (); }; };
		90AC01981BBE8632002D791A /* zero_copy_stream.cc in Sources */ = {isa = PBXBuildFile; fileRef = 90AC013F1BBE8632002D791A /* zero_copy_stream.cc */; settings = {ASSET_TAGS = (); }; };
		90AC01991BBE8632002D791A /* zero_copy_stream_impl.cc in Sources */ = {isa = PBXBuildFile; fileRef = 90AC01411BBE8632002D791A /* zero_copy_stream_impl.cc */; settings = {ASSET_TAGS = (); }; };
		90AC019A1BBE8632002D791A /* zero_copy_stream_impl_lite.cc in Sources */ = {isa = PBXBuildFile; fileRef = 90AC01431BBE8632002D791A /* zero_copy_stream_impl_lite.cc */; settings = {ASSET_TAGS = (); }; };
		90AC019B1BBE8632002D791A /* message.cc in Sources */ = {isa = PBXBuildFile; fileRef = 90AC01451BBE8632002D791A /* message.cc */; settings = {ASSET_TAGS = (); }; };
		90AC019C1BBE8632002D791A /* message_lite.cc in Sources */ = {isa = PBXBuildFile; fileRef = 90AC01471BBE8632002D791A /* message_lite.cc */; settings = {ASSET_TAGS = (); }; };
		90AC019D1BBE8632002D791A /* reflection_ops.cc in Sources */ = {isa = PBXBuildFile; fileRef = 90AC014A1BBE8632002D791A /* reflection_ops.cc */; settings = {ASSET_TAGS = (); }; };
		90AC019E1BBE8632002D791A /* repeated_field.cc in Sources */ = {isa = PBXBuildFile; fileRef = 90AC014C1BBE8632002D791A /* repeated_field.cc */; settings = {ASSET_TAGS = (); }; };
		90AC019F1BBE8632002D791A /* service.cc in Sources */ = {isa = PBXBuildFile; fileRef = 90AC014E1BBE8632002D791A /* service.cc */; settings = {ASSET_TAGS = (); }; };
		90AC01A01BBE8632002D791A /* atomicops_internals_x86_gcc.cc in Sources */ = {isa = PBXBuildFile; fileRef = 90AC01581BBE8632002D791A /* atomicops_internals_x86_gcc.cc */; settings = {ASSET_TAGS = (); }; };
		90AC01A11BBE8632002D791A /* atomicops_internals_x86_msvc.cc in Sources */ = {isa = PBXBuildFile; fileRef = 90AC015A1BBE8632002D791A /* atomicops_internals_x86_msvc.cc */; settings = {ASSET_TAGS = (); }; };
		90AC01A21BBE8632002D791A /* common.cc in Sources */ = {isa = PBXBuildFile; fileRef = 90AC015C1BBE8632002D791A /* common.cc */; settings = {ASSET_TAGS = (); }; };
		90AC01A31BBE8632002D791A /* once.cc in Sources */ = {isa = PBXBuildFile; fileRef = 90AC01601BBE8632002D791A /* once.cc */; settings = {ASSET_TAGS = (); }; };
		90AC01A41BBE8632002D791A /* stringprintf.cc in Sources */ = {isa = PBXBuildFile; fileRef = 90AC01641BBE8632002D791A /* stringprintf.cc */; settings = {ASSET_TAGS = (); }; };
		90AC01A51BBE8632002D791A /* structurally_valid.cc in Sources */ = {isa = PBXBuildFile; fileRef = 90AC01661BBE8632002D791A /* structurally_valid.cc */; settings = {ASSET_TAGS = (); }; };
		90AC01A61BBE8632002D791A /* strutil.cc in Sources */ = {isa = PBXBuildFile; fileRef = 90AC01671BBE8632002D791A /* strutil.cc */; settings = {ASSET_TAGS = (); }; };
		90AC01A71BBE8632002D791A /* substitute.cc in Sources */ = {isa = PBXBuildFile; fileRef = 90AC01691BBE8632002D791A /* substitute.cc */; settings = {ASSET_TAGS = (); }; };
		90AC01A81BBE8632002D791A /* file.cc in Sources */ = {isa = PBXBuildFile; fileRef = 90AC016E1BBE8632002D791A /* file.cc */; settings = {ASSET_TAGS = (); }; };
		90AC01A91BBE8632002D791A /* googletest.cc in Sources */ = {isa = PBXBuildFile; fileRef = 90AC01701BBE8632002D791A /* googletest.cc */; settings = {ASSET_TAGS = (); }; };
		90AC01AA1BBE8632002D791A /* text_format.cc in Sources */ = {isa = PBXBuildFile; fileRef = 90AC01721BBE8632002D791A /* text_format.cc */; settings = {ASSET_TAGS = (); }; };
		90AC01AB1BBE8632002D791A /* unknown_field_set.cc in Sources */ = {isa = PBXBuildFile; fileRef = 90AC01741BBE8632002D791A /* unknown_field_set.cc */; settings = {ASSET_TAGS = (); }; };
		90AC01AC1BBE8632002D791A /* wire_format.cc in Sources */ = {isa = PBXBuildFile; fileRef = 90AC01761BBE8632002D791A /* wire_format.cc */; settings = {ASSET_TAGS = (); }; };
		90AC01AD1BBE8632002D791A /* wire_format_lite.cc in Sources */ = {isa = PBXBuildFile; fileRef = 90AC01781BBE8632002D791A /* wire_format_lite.cc */; settings = {ASSET_TAGS = (); }; };
		90AC01AE1BBE8632002D791A /* CallBackVo.cpp in Sources */ = {isa = PBXBuildFile; fileRef = 90AC017C1BBE8632002D791A /* CallBackVo.cpp */; settings = {ASSET_TAGS = (); }; };
		90AC01AF1BBE8632002D791A /* LocalFileManger.cpp in Sources */ = {isa = PBXBuildFile; fileRef = 90AC017E1BBE8632002D791A /* LocalFileManger.cpp */; settings = {ASSET_TAGS = (); }; };
		90AC01B01BBE8632002D791A /* MD5.cpp in Sources */ = {isa = PBXBuildFile; fileRef = 90AC01801BBE8632002D791A /* MD5.cpp */; settings = {ASSET_TAGS = (); }; };
		90AC01B11BBE8632002D791A /* ObserverManger.cpp in Sources */ = {isa = PBXBuildFile; fileRef = 90AC01821BBE8632002D791A /* ObserverManger.cpp */; settings = {ASSET_TAGS = (); }; };
		90AC01B21BBE8632002D791A /* strHash.cpp in Sources */ = {isa = PBXBuildFile; fileRef = 90AC01841BBE8632002D791A /* strHash.cpp */; settings = {ASSET_TAGS = (); }; };
		90AC01B31BBE8632002D791A /* StrSplit.cpp in Sources */ = {isa = PBXBuildFile; fileRef = 90AC01861BBE8632002D791A /* StrSplit.cpp */; settings = {ASSET_TAGS = (); }; };
		90AC01B41BBE8632002D791A /* TimeUtil.cpp in Sources */ = {isa = PBXBuildFile; fileRef = 90AC01881BBE8632002D791A /* TimeUtil.cpp */; settings = {ASSET_TAGS = (); }; };
		90AC01B71BBE8759002D791A /* PHBasePhysicsBullet.cpp in Sources */ = {isa = PBXBuildFile; fileRef = 90AC01B51BBE8759002D791A /* PHBasePhysicsBullet.cpp */; settings = {ASSET_TAGS = (); }; };
		AE6B4A53AA5E86DAB2449D11 /* res in Resources */ = {isa = PBXBuildFile; fileRef = 7FDD41ADB08C3C9247273E5B /* res */; };
		BF171245129291EC00B8313A /* OpenGLES.framework in Frameworks */ = {isa = PBXBuildFile; fileRef = BF170DB012928DE900B8313A /* OpenGLES.framework */; };
		BF1712471292920000B8313A /* libz.dylib in Frameworks */ = {isa = PBXBuildFile; fileRef = BF170DB412928DE900B8313A /* libz.dylib */; };
		BF1C47F01293687400B63C5D /* QuartzCore.framework in Frameworks */ = {isa = PBXBuildFile; fileRef = BF1C47EA1293683800B63C5D /* QuartzCore.framework */; };
		D44C620C132DFF330009C878 /* OpenAL.framework in Frameworks */ = {isa = PBXBuildFile; fileRef = D44C620B132DFF330009C878 /* OpenAL.framework */; };
		D44C620E132DFF430009C878 /* AVFoundation.framework in Frameworks */ = {isa = PBXBuildFile; fileRef = D44C620D132DFF430009C878 /* AVFoundation.framework */; };
		D44C6210132DFF4E0009C878 /* AudioToolbox.framework in Frameworks */ = {isa = PBXBuildFile; fileRef = D44C620F132DFF4E0009C878 /* AudioToolbox.framework */; };
		D6B0611B1803AB670077942B /* CoreMotion.framework in Frameworks */ = {isa = PBXBuildFile; fileRef = D6B0611A1803AB670077942B /* CoreMotion.framework */; };
		E19D4A118696E80A9D362D84 /* libcocos2d iOS.a in Frameworks */ = {isa = PBXBuildFile; fileRef = 532641FFA4E0DECB96783029 /* libcocos2d iOS.a */; };
		ED545A7C1B68A1F400C3958E /* libiconv.dylib in Frameworks */ = {isa = PBXBuildFile; fileRef = ED545A7B1B68A1F400C3958E /* libiconv.dylib */; };
		ED545A7E1B68A1FA00C3958E /* libiconv.dylib in Frameworks */ = {isa = PBXBuildFile; fileRef = ED545A7D1B68A1FA00C3958E /* libiconv.dylib */; };
		F0F24BEB88841CFBFE570287 /* libcocos2d Mac.a in Frameworks */ = {isa = PBXBuildFile; fileRef = 5CC84510B1413B3FCD7DE99B /* libcocos2d Mac.a */; };
/* End PBXBuildFile section */

/* Begin PBXFileReference section */
		1ACB3243164770DE00914215 /* libcurl.a */ = {isa = PBXFileReference; lastKnownFileType = archive.ar; name = libcurl.a; path = ../../cocos2dx/platform/third_party/ios/libraries/libcurl.a; sourceTree = "<group>"; };
		1D30AB110D05D00D00671497 /* Foundation.framework */ = {isa = PBXFileReference; lastKnownFileType = wrapper.framework; name = Foundation.framework; path = System/Library/Frameworks/Foundation.framework; sourceTree = SDKROOT; };
		1D6058910D05DD3D006BFB54 /* physicsdemo-mobile.app */ = {isa = PBXFileReference; explicitFileType = wrapper.application; includeInIndex = 0; path = "physicsdemo-mobile.app"; sourceTree = BUILT_PRODUCTS_DIR; };
		1DF5F4DF0D08C38300B7A737 /* UIKit.framework */ = {isa = PBXFileReference; lastKnownFileType = wrapper.framework; name = UIKit.framework; path = System/Library/Frameworks/UIKit.framework; sourceTree = SDKROOT; };
		288765A40DF7441C002DB57D /* CoreGraphics.framework */ = {isa = PBXFileReference; lastKnownFileType = wrapper.framework; name = CoreGraphics.framework; path = System/Library/Frameworks/CoreGraphics.framework; sourceTree = SDKROOT; };
		46880B8419C43A87006E1F66 /* AppDelegate.cpp */ = {isa = PBXFileReference; fileEncoding = 4; lastKnownFileType = sourcecode.cpp.cpp; path = AppDelegate.cpp; sourceTree = "<group>"; };
		46880B8519C43A87006E1F66 /* AppDelegate.h */ = {isa = PBXFileReference; fileEncoding = 4; lastKnownFileType = sourcecode.c.h; path = AppDelegate.h; sourceTree = "<group>"; };
		46880B8619C43A87006E1F66 /* HelloWorldScene.cpp */ = {isa = PBXFileReference; fileEncoding = 4; lastKnownFileType = sourcecode.cpp.cpp; path = HelloWorldScene.cpp; sourceTree = "<group>"; };
		46880B8719C43A87006E1F66 /* HelloWorldScene.h */ = {isa = PBXFileReference; fileEncoding = 4; lastKnownFileType = sourcecode.c.h; path = HelloWorldScene.h; sourceTree = "<group>"; };
		503AE0F617EB97AB00D1A890 /* Icon.icns */ = {isa = PBXFileReference; lastKnownFileType = image.icns; path = Icon.icns; sourceTree = "<group>"; };
		503AE0F717EB97AB00D1A890 /* Info.plist */ = {isa = PBXFileReference; fileEncoding = 4; lastKnownFileType = text.plist.xml; path = Info.plist; sourceTree = "<group>"; };
		503AE0FA17EB989F00D1A890 /* AppController.h */ = {isa = PBXFileReference; fileEncoding = 4; lastKnownFileType = sourcecode.c.h; name = AppController.h; path = ios/AppController.h; sourceTree = SOURCE_ROOT; };
		503AE0FB17EB989F00D1A890 /* AppController.mm */ = {isa = PBXFileReference; fileEncoding = 4; lastKnownFileType = sourcecode.cpp.objcpp; name = AppController.mm; path = ios/AppController.mm; sourceTree = SOURCE_ROOT; };
		503AE0FC17EB989F00D1A890 /* main.m */ = {isa = PBXFileReference; fileEncoding = 4; lastKnownFileType = sourcecode.c.objc; name = main.m; path = ios/main.m; sourceTree = SOURCE_ROOT; };
		503AE0FD17EB989F00D1A890 /* Prefix.pch */ = {isa = PBXFileReference; fileEncoding = 4; lastKnownFileType = sourcecode.c.h; name = Prefix.pch; path = ios/Prefix.pch; sourceTree = SOURCE_ROOT; };
		503AE0FE17EB989F00D1A890 /* RootViewController.h */ = {isa = PBXFileReference; fileEncoding = 4; lastKnownFileType = sourcecode.c.h; name = RootViewController.h; path = ios/RootViewController.h; sourceTree = SOURCE_ROOT; };
		503AE0FF17EB989F00D1A890 /* RootViewController.mm */ = {isa = PBXFileReference; fileEncoding = 4; lastKnownFileType = sourcecode.cpp.objcpp; name = RootViewController.mm; path = ios/RootViewController.mm; sourceTree = SOURCE_ROOT; };
		503AE10317EB98FF00D1A890 /* main.cpp */ = {isa = PBXFileReference; fileEncoding = 4; lastKnownFileType = sourcecode.cpp.cpp; name = main.cpp; path = mac/main.cpp; sourceTree = "<group>"; };
		503AE10417EB98FF00D1A890 /* Prefix.pch */ = {isa = PBXFileReference; fileEncoding = 4; lastKnownFileType = sourcecode.c.h; name = Prefix.pch; path = mac/Prefix.pch; sourceTree = "<group>"; };
		503AE11117EB99EE00D1A890 /* libcurl.dylib */ = {isa = PBXFileReference; lastKnownFileType = "compiled.mach-o.dylib"; name = libcurl.dylib; path = usr/lib/libcurl.dylib; sourceTree = SDKROOT; };
		503AE11A17EB9C5A00D1A890 /* IOKit.framework */ = {isa = PBXFileReference; lastKnownFileType = wrapper.framework; name = IOKit.framework; path = System/Library/Frameworks/IOKit.framework; sourceTree = SDKROOT; };
		5087E76F17EB910900C73F5D /* physicsdemo-desktop.app */ = {isa = PBXFileReference; explicitFileType = wrapper.application; includeInIndex = 0; path = "physicsdemo-desktop.app"; sourceTree = BUILT_PRODUCTS_DIR; };
		5087E77217EB970100C73F5D /* Default-568h@2x.png */ = {isa = PBXFileReference; lastKnownFileType = image.png; path = "Default-568h@2x.png"; sourceTree = "<group>"; };
		5087E77317EB970100C73F5D /* Default.png */ = {isa = PBXFileReference; lastKnownFileType = image.png; path = Default.png; sourceTree = "<group>"; };
		5087E77417EB970100C73F5D /* Default@2x.png */ = {isa = PBXFileReference; lastKnownFileType = image.png; path = "Default@2x.png"; sourceTree = "<group>"; };
		5087E77517EB970100C73F5D /* Icon-114.png */ = {isa = PBXFileReference; lastKnownFileType = image.png; path = "Icon-114.png"; sourceTree = "<group>"; };
		5087E77617EB970100C73F5D /* Icon-120.png */ = {isa = PBXFileReference; lastKnownFileType = image.png; path = "Icon-120.png"; sourceTree = "<group>"; };
		5087E77717EB970100C73F5D /* Icon-144.png */ = {isa = PBXFileReference; lastKnownFileType = image.png; path = "Icon-144.png"; sourceTree = "<group>"; };
		5087E77817EB970100C73F5D /* Icon-152.png */ = {isa = PBXFileReference; lastKnownFileType = image.png; path = "Icon-152.png"; sourceTree = "<group>"; };
		5087E77917EB970100C73F5D /* Icon-57.png */ = {isa = PBXFileReference; lastKnownFileType = image.png; path = "Icon-57.png"; sourceTree = "<group>"; };
		5087E77A17EB970100C73F5D /* Icon-72.png */ = {isa = PBXFileReference; lastKnownFileType = image.png; path = "Icon-72.png"; sourceTree = "<group>"; };
		5087E77B17EB970100C73F5D /* Icon-76.png */ = {isa = PBXFileReference; lastKnownFileType = image.png; path = "Icon-76.png"; sourceTree = "<group>"; };
		5087E77C17EB970100C73F5D /* Info.plist */ = {isa = PBXFileReference; fileEncoding = 4; lastKnownFileType = text.plist.xml; path = Info.plist; sourceTree = "<group>"; };
		5087E78817EB974C00C73F5D /* AppKit.framework */ = {isa = PBXFileReference; lastKnownFileType = wrapper.framework; name = AppKit.framework; path = System/Library/Frameworks/AppKit.framework; sourceTree = SDKROOT; };
		5087E78A17EB975400C73F5D /* OpenGL.framework */ = {isa = PBXFileReference; lastKnownFileType = wrapper.framework; name = OpenGL.framework; path = System/Library/Frameworks/OpenGL.framework; sourceTree = SDKROOT; };
		50EF629217ECD46A001EB2F8 /* Icon-40.png */ = {isa = PBXFileReference; lastKnownFileType = image.png; path = "Icon-40.png"; sourceTree = "<group>"; };
		50EF629317ECD46A001EB2F8 /* Icon-58.png */ = {isa = PBXFileReference; lastKnownFileType = image.png; path = "Icon-58.png"; sourceTree = "<group>"; };
		50EF629417ECD46A001EB2F8 /* Icon-80.png */ = {isa = PBXFileReference; lastKnownFileType = image.png; path = "Icon-80.png"; sourceTree = "<group>"; };
		50EF629517ECD46A001EB2F8 /* Icon-100.png */ = {isa = PBXFileReference; lastKnownFileType = image.png; path = "Icon-100.png"; sourceTree = "<group>"; };
		50EF62A017ECD613001EB2F8 /* Icon-29.png */ = {isa = PBXFileReference; lastKnownFileType = image.png; path = "Icon-29.png"; sourceTree = "<group>"; };
		50EF62A117ECD613001EB2F8 /* Icon-50.png */ = {isa = PBXFileReference; lastKnownFileType = image.png; path = "Icon-50.png"; sourceTree = "<group>"; };
		521A8E6219F0C34300D177D7 /* Default-667h@2x.png */ = {isa = PBXFileReference; lastKnownFileType = image.png; path = "Default-667h@2x.png"; sourceTree = "<group>"; };
		521A8E6319F0C34300D177D7 /* Default-736h@3x.png */ = {isa = PBXFileReference; lastKnownFileType = image.png; path = "Default-736h@3x.png"; sourceTree = "<group>"; };
		52B47A461A53D09B004E4C60 /* Security.framework */ = {isa = PBXFileReference; lastKnownFileType = wrapper.framework; name = Security.framework; path = Platforms/iPhoneOS.platform/Developer/SDKs/iPhoneOS8.1.sdk/System/Library/Frameworks/Security.framework; sourceTree = DEVELOPER_DIR; };
		532641FFA4E0DECB96783029 /* libcocos2d iOS.a */ = {isa = PBXFileReference; lastKnownFileType = archive.ar; name = "libcocos2d iOS.a"; path = "/Applications/Cocos/frameworks/cocos2d-x-3.8.1/prebuilt/ios/libcocos2d iOS.a"; sourceTree = "<absolute>"; };
		5CC84510B1413B3FCD7DE99B /* libcocos2d Mac.a */ = {isa = PBXFileReference; lastKnownFileType = archive.ar; name = "libcocos2d Mac.a"; path = "/Applications/Cocos/frameworks/cocos2d-x-3.8.1/prebuilt/mac/libcocos2d Mac.a"; sourceTree = "<absolute>"; };
		7FDD41ADB08C3C9247273E5B /* res */ = {isa = PBXFileReference; lastKnownFileType = "?"; name = res; path = ../Resources/res; sourceTree = "<group>"; };
		8262943D1AAF051F00CB7CF7 /* Security.framework */ = {isa = PBXFileReference; lastKnownFileType = wrapper.framework; name = Security.framework; path = System/Library/Frameworks/Security.framework; sourceTree = SDKROOT; };
		90AC00BC1BBE50F7002D791A /* sprite */ = {isa = PBXFileReference; lastKnownFileType = folder; path = sprite; sourceTree = "<group>"; };
		90AC00BF1BBE5106002D791A /* map */ = {isa = PBXFileReference; lastKnownFileType = folder; path = map; sourceTree = "<group>"; };
		90AC00C31BBE5276002D791A /* PHTiledPhysicsMap.cpp */ = {isa = PBXFileReference; fileEncoding = 4; lastKnownFileType = sourcecode.cpp.cpp; path = PHTiledPhysicsMap.cpp; sourceTree = "<group>"; };
		90AC00C41BBE5276002D791A /* PHTiledPhysicsMap.h */ = {isa = PBXFileReference; fileEncoding = 4; lastKnownFileType = sourcecode.c.h; path = PHTiledPhysicsMap.h; sourceTree = "<group>"; };
		90AC00C91BBE560B002D791A /* Box2dWordManger.cpp */ = {isa = PBXFileReference; fileEncoding = 4; lastKnownFileType = sourcecode.cpp.cpp; path = Box2dWordManger.cpp; sourceTree = "<group>"; };
		90AC00CA1BBE560B002D791A /* Box2dWordManger.h */ = {isa = PBXFileReference; fileEncoding = 4; lastKnownFileType = sourcecode.c.h; path = Box2dWordManger.h; sourceTree = "<group>"; };
		90AC00CB1BBE560B002D791A /* GLES-Render.cpp */ = {isa = PBXFileReference; fileEncoding = 4; lastKnownFileType = sourcecode.cpp.cpp; path = "GLES-Render.cpp"; sourceTree = "<group>"; };
		90AC00CC1BBE560B002D791A /* GLES-Render.h */ = {isa = PBXFileReference; fileEncoding = 4; lastKnownFileType = sourcecode.c.h; path = "GLES-Render.h"; sourceTree = "<group>"; };
		90AC00CD1BBE560B002D791A /* MyContactListener.cpp */ = {isa = PBXFileReference; fileEncoding = 4; lastKnownFileType = sourcecode.cpp.cpp; path = MyContactListener.cpp; sourceTree = "<group>"; };
		90AC00CE1BBE560B002D791A /* MyContactListener.h */ = {isa = PBXFileReference; fileEncoding = 4; lastKnownFileType = sourcecode.c.h; path = MyContactListener.h; sourceTree = "<group>"; };
		90AC00D51BBE570D002D791A /* PHBasePhysicsSprite.cpp */ = {isa = PBXFileReference; fileEncoding = 4; lastKnownFileType = sourcecode.cpp.cpp; path = PHBasePhysicsSprite.cpp; sourceTree = "<group>"; };
		90AC00D61BBE570D002D791A /* PHBasePhysicsSprite.h */ = {isa = PBXFileReference; fileEncoding = 4; lastKnownFileType = sourcecode.c.h; path = PHBasePhysicsSprite.h; sourceTree = "<group>"; };
		90AC00DA1BBE6774002D791A /* AStarMap6SideManger.cpp */ = {isa = PBXFileReference; fileEncoding = 4; lastKnownFileType = sourcecode.cpp.cpp; path = AStarMap6SideManger.cpp; sourceTree = "<group>"; };
		90AC00DB1BBE6774002D791A /* AStarMap6SideManger.h */ = {isa = PBXFileReference; fileEncoding = 4; lastKnownFileType = sourcecode.c.h; path = AStarMap6SideManger.h; sourceTree = "<group>"; };
		90AC00DC1BBE6774002D791A /* AStarMapManger.cpp */ = {isa = PBXFileReference; fileEncoding = 4; lastKnownFileType = sourcecode.cpp.cpp; path = AStarMapManger.cpp; sourceTree = "<group>"; };
		90AC00DD1BBE6774002D791A /* AStarMapManger.h */ = {isa = PBXFileReference; fileEncoding = 4; lastKnownFileType = sourcecode.c.h; path = AStarMapManger.h; sourceTree = "<group>"; };
		90AC00E31BBE68A2002D791A /* AnimationConfig.h */ = {isa = PBXFileReference; fileEncoding = 4; lastKnownFileType = sourcecode.c.h; path = AnimationConfig.h; sourceTree = "<group>"; };
		90AC00E41BBE68A2002D791A /* Box2dConfig.h */ = {isa = PBXFileReference; fileEncoding = 4; lastKnownFileType = sourcecode.c.h; path = Box2dConfig.h; sourceTree = "<group>"; };
		90AC00E51BBE68A2002D791A /* GameViewConfig.h */ = {isa = PBXFileReference; fileEncoding = 4; lastKnownFileType = sourcecode.c.h; path = GameViewConfig.h; sourceTree = "<group>"; };
		90AC00E61BBE6921002D791A /* Box2dSprite.cpp */ = {isa = PBXFileReference; fileEncoding = 4; lastKnownFileType = sourcecode.cpp.cpp; path = Box2dSprite.cpp; sourceTree = "<group>"; };
		90AC00E71BBE6921002D791A /* Box2dSprite.h */ = {isa = PBXFileReference; fileEncoding = 4; lastKnownFileType = sourcecode.c.h; path = Box2dSprite.h; sourceTree = "<group>"; };
		90AC00EA1BBE697D002D791A /* SpriteConfig.h */ = {isa = PBXFileReference; fileEncoding = 4; lastKnownFileType = sourcecode.c.h; path = SpriteConfig.h; sourceTree = "<group>"; };
		90AC00EC1BBE6AA2002D791A /* WarScenceLayer.cpp */ = {isa = PBXFileReference; fileEncoding = 4; lastKnownFileType = sourcecode.cpp.cpp; path = WarScenceLayer.cpp; sourceTree = "<group>"; };
		90AC00ED1BBE6AA2002D791A /* WarScenceLayer.h */ = {isa = PBXFileReference; fileEncoding = 4; lastKnownFileType = sourcecode.c.h; path = WarScenceLayer.h; sourceTree = "<group>"; };
		90AC00F31BBE8632002D791A /* chaiscript.hpp */ = {isa = PBXFileReference; fileEncoding = 4; lastKnownFileType = sourcecode.cpp.h; path = chaiscript.hpp; sourceTree = "<group>"; };
		90AC00F41BBE8632002D791A /* chaiscript_defines.hpp */ = {isa = PBXFileReference; fileEncoding = 4; lastKnownFileType = sourcecode.cpp.h; path = chaiscript_defines.hpp; sourceTree = "<group>"; };
		90AC00F51BBE8632002D791A /* chaiscript_stdlib.hpp */ = {isa = PBXFileReference; fileEncoding = 4; lastKnownFileType = sourcecode.cpp.h; path = chaiscript_stdlib.hpp; sourceTree = "<group>"; };
		90AC00F61BBE8632002D791A /* chaiscript_threading.hpp */ = {isa = PBXFileReference; fileEncoding = 4; lastKnownFileType = sourcecode.cpp.h; path = chaiscript_threading.hpp; sourceTree = "<group>"; };
		90AC00F81BBE8632002D791A /* any.hpp */ = {isa = PBXFileReference; fileEncoding = 4; lastKnownFileType = sourcecode.cpp.h; path = any.hpp; sourceTree = "<group>"; };
		90AC00F91BBE8632002D791A /* bad_boxed_cast.hpp */ = {isa = PBXFileReference; fileEncoding = 4; lastKnownFileType = sourcecode.cpp.h; path = bad_boxed_cast.hpp; sourceTree = "<group>"; };
		90AC00FA1BBE8632002D791A /* bind_first.hpp */ = {isa = PBXFileReference; fileEncoding = 4; lastKnownFileType = sourcecode.cpp.h; path = bind_first.hpp; sourceTree = "<group>"; };
		90AC00FB1BBE8632002D791A /* bootstrap.hpp */ = {isa = PBXFileReference; fileEncoding = 4; lastKnownFileType = sourcecode.cpp.h; path = bootstrap.hpp; sourceTree = "<group>"; };
		90AC00FC1BBE8632002D791A /* bootstrap_stl.hpp */ = {isa = PBXFileReference; fileEncoding = 4; lastKnownFileType = sourcecode.cpp.h; path = bootstrap_stl.hpp; sourceTree = "<group>"; };
		90AC00FD1BBE8632002D791A /* boxed_cast.hpp */ = {isa = PBXFileReference; fileEncoding = 4; lastKnownFileType = sourcecode.cpp.h; path = boxed_cast.hpp; sourceTree = "<group>"; };
		90AC00FE1BBE8632002D791A /* boxed_cast_helper.hpp */ = {isa = PBXFileReference; fileEncoding = 4; lastKnownFileType = sourcecode.cpp.h; path = boxed_cast_helper.hpp; sourceTree = "<group>"; };
		90AC00FF1BBE8632002D791A /* boxed_number.hpp */ = {isa = PBXFileReference; fileEncoding = 4; lastKnownFileType = sourcecode.cpp.h; path = boxed_number.hpp; sourceTree = "<group>"; };
		90AC01001BBE8632002D791A /* boxed_value.hpp */ = {isa = PBXFileReference; fileEncoding = 4; lastKnownFileType = sourcecode.cpp.h; path = boxed_value.hpp; sourceTree = "<group>"; };
		90AC01011BBE8632002D791A /* callable_traits.hpp */ = {isa = PBXFileReference; fileEncoding = 4; lastKnownFileType = sourcecode.cpp.h; path = callable_traits.hpp; sourceTree = "<group>"; };
		90AC01021BBE8632002D791A /* dispatchkit.hpp */ = {isa = PBXFileReference; fileEncoding = 4; lastKnownFileType = sourcecode.cpp.h; path = dispatchkit.hpp; sourceTree = "<group>"; };
		90AC01031BBE8632002D791A /* dynamic_object.hpp */ = {isa = PBXFileReference; fileEncoding = 4; lastKnownFileType = sourcecode.cpp.h; path = dynamic_object.hpp; sourceTree = "<group>"; };
		90AC01041BBE8632002D791A /* dynamic_object_detail.hpp */ = {isa = PBXFileReference; fileEncoding = 4; lastKnownFileType = sourcecode.cpp.h; path = dynamic_object_detail.hpp; sourceTree = "<group>"; };
		90AC01051BBE8632002D791A /* exception_specification.hpp */ = {isa = PBXFileReference; fileEncoding = 4; lastKnownFileType = sourcecode.cpp.h; path = exception_specification.hpp; sourceTree = "<group>"; };
		90AC01061BBE8632002D791A /* function_call.hpp */ = {isa = PBXFileReference; fileEncoding = 4; lastKnownFileType = sourcecode.cpp.h; path = function_call.hpp; sourceTree = "<group>"; };
		90AC01071BBE8632002D791A /* function_call_detail.hpp */ = {isa = PBXFileReference; fileEncoding = 4; lastKnownFileType = sourcecode.cpp.h; path = function_call_detail.hpp; sourceTree = "<group>"; };
		90AC01081BBE8632002D791A /* handle_return.hpp */ = {isa = PBXFileReference; fileEncoding = 4; lastKnownFileType = sourcecode.cpp.h; path = handle_return.hpp; sourceTree = "<group>"; };
		90AC01091BBE8632002D791A /* operators.hpp */ = {isa = PBXFileReference; fileEncoding = 4; lastKnownFileType = sourcecode.cpp.h; path = operators.hpp; sourceTree = "<group>"; };
		90AC010A1BBE8632002D791A /* proxy_constructors.hpp */ = {isa = PBXFileReference; fileEncoding = 4; lastKnownFileType = sourcecode.cpp.h; path = proxy_constructors.hpp; sourceTree = "<group>"; };
		90AC010B1BBE8632002D791A /* proxy_functions.hpp */ = {isa = PBXFileReference; fileEncoding = 4; lastKnownFileType = sourcecode.cpp.h; path = proxy_functions.hpp; sourceTree = "<group>"; };
		90AC010C1BBE8632002D791A /* proxy_functions_detail.hpp */ = {isa = PBXFileReference; fileEncoding = 4; lastKnownFileType = sourcecode.cpp.h; path = proxy_functions_detail.hpp; sourceTree = "<group>"; };
		90AC010D1BBE8632002D791A /* register_function.hpp */ = {isa = PBXFileReference; fileEncoding = 4; lastKnownFileType = sourcecode.cpp.h; path = register_function.hpp; sourceTree = "<group>"; };
		90AC010E1BBE8632002D791A /* type_conversions.hpp */ = {isa = PBXFileReference; fileEncoding = 4; lastKnownFileType = sourcecode.cpp.h; path = type_conversions.hpp; sourceTree = "<group>"; };
		90AC010F1BBE8632002D791A /* type_info.hpp */ = {isa = PBXFileReference; fileEncoding = 4; lastKnownFileType = sourcecode.cpp.h; path = type_info.hpp; sourceTree = "<group>"; };
		90AC01111BBE8632002D791A /* chaiscript_algebraic.hpp */ = {isa = PBXFileReference; fileEncoding = 4; lastKnownFileType = sourcecode.cpp.h; path = chaiscript_algebraic.hpp; sourceTree = "<group>"; };
		90AC01121BBE8632002D791A /* chaiscript_common.hpp */ = {isa = PBXFileReference; fileEncoding = 4; lastKnownFileType = sourcecode.cpp.h; path = chaiscript_common.hpp; sourceTree = "<group>"; };
		90AC01131BBE8632002D791A /* chaiscript_engine.hpp */ = {isa = PBXFileReference; fileEncoding = 4; lastKnownFileType = sourcecode.cpp.h; path = chaiscript_engine.hpp; sourceTree = "<group>"; };
		90AC01141BBE8632002D791A /* chaiscript_eval.hpp */ = {isa = PBXFileReference; fileEncoding = 4; lastKnownFileType = sourcecode.cpp.h; path = chaiscript_eval.hpp; sourceTree = "<group>"; };
		90AC01151BBE8632002D791A /* chaiscript_parser.hpp */ = {isa = PBXFileReference; fileEncoding = 4; lastKnownFileType = sourcecode.cpp.h; path = chaiscript_parser.hpp; sourceTree = "<group>"; };
		90AC01161BBE8632002D791A /* chaiscript_prelude.chai */ = {isa = PBXFileReference; fileEncoding = 4; lastKnownFileType = text; path = chaiscript_prelude.chai; sourceTree = "<group>"; };
		90AC01171BBE8632002D791A /* chaiscript_prelude_docs.hpp */ = {isa = PBXFileReference; fileEncoding = 4; lastKnownFileType = sourcecode.cpp.h; path = chaiscript_prelude_docs.hpp; sourceTree = "<group>"; };
		90AC01191BBE8632002D791A /* utility.hpp */ = {isa = PBXFileReference; fileEncoding = 4; lastKnownFileType = sourcecode.cpp.h; path = utility.hpp; sourceTree = "<group>"; };
		90AC011B1BBE8632002D791A /* rapidxml.hpp */ = {isa = PBXFileReference; fileEncoding = 4; lastKnownFileType = sourcecode.cpp.h; path = rapidxml.hpp; sourceTree = "<group>"; };
		90AC011C1BBE8632002D791A /* rapidxml_iterators.hpp */ = {isa = PBXFileReference; fileEncoding = 4; lastKnownFileType = sourcecode.cpp.h; path = rapidxml_iterators.hpp; sourceTree = "<group>"; };
		90AC011D1BBE8632002D791A /* rapidxml_print.hpp */ = {isa = PBXFileReference; fileEncoding = 4; lastKnownFileType = sourcecode.cpp.h; path = rapidxml_print.hpp; sourceTree = "<group>"; };
		90AC011E1BBE8632002D791A /* rapidxml_utils.hpp */ = {isa = PBXFileReference; fileEncoding = 4; lastKnownFileType = sourcecode.cpp.h; path = rapidxml_utils.hpp; sourceTree = "<group>"; };
		90AC01201BBE8632002D791A /* config.h */ = {isa = PBXFileReference; fileEncoding = 4; lastKnownFileType = sourcecode.c.h; path = config.h; sourceTree = "<group>"; };
		90AC01231BBE8632002D791A /* descriptor.cc */ = {isa = PBXFileReference; fileEncoding = 4; lastKnownFileType = sourcecode.cpp.cpp; path = descriptor.cc; sourceTree = "<group>"; };
		90AC01241BBE8632002D791A /* descriptor.h */ = {isa = PBXFileReference; fileEncoding = 4; lastKnownFileType = sourcecode.c.h; path = descriptor.h; sourceTree = "<group>"; };
		90AC01251BBE8632002D791A /* descriptor.pb.cc */ = {isa = PBXFileReference; fileEncoding = 4; lastKnownFileType = sourcecode.cpp.cpp; path = descriptor.pb.cc; sourceTree = "<group>"; };
		90AC01261BBE8632002D791A /* descriptor.pb.h */ = {isa = PBXFileReference; fileEncoding = 4; lastKnownFileType = sourcecode.c.h; path = descriptor.pb.h; sourceTree = "<group>"; };
		90AC01271BBE8632002D791A /* descriptor.proto */ = {isa = PBXFileReference; fileEncoding = 4; lastKnownFileType = text; path = descriptor.proto; sourceTree = "<group>"; };
		90AC01281BBE8632002D791A /* descriptor_database.cc */ = {isa = PBXFileReference; fileEncoding = 4; lastKnownFileType = sourcecode.cpp.cpp; path = descriptor_database.cc; sourceTree = "<group>"; };
		90AC01291BBE8632002D791A /* descriptor_database.h */ = {isa = PBXFileReference; fileEncoding = 4; lastKnownFileType = sourcecode.c.h; path = descriptor_database.h; sourceTree = "<group>"; };
		90AC012A1BBE8632002D791A /* dynamic_message.cc */ = {isa = PBXFileReference; fileEncoding = 4; lastKnownFileType = sourcecode.cpp.cpp; path = dynamic_message.cc; sourceTree = "<group>"; };
		90AC012B1BBE8632002D791A /* dynamic_message.h */ = {isa = PBXFileReference; fileEncoding = 4; lastKnownFileType = sourcecode.c.h; path = dynamic_message.h; sourceTree = "<group>"; };
		90AC012C1BBE8632002D791A /* extension_set.cc */ = {isa = PBXFileReference; fileEncoding = 4; lastKnownFileType = sourcecode.cpp.cpp; path = extension_set.cc; sourceTree = "<group>"; };
		90AC012D1BBE8632002D791A /* extension_set.h */ = {isa = PBXFileReference; fileEncoding = 4; lastKnownFileType = sourcecode.c.h; path = extension_set.h; sourceTree = "<group>"; };
		90AC012E1BBE8632002D791A /* extension_set_heavy.cc */ = {isa = PBXFileReference; fileEncoding = 4; lastKnownFileType = sourcecode.cpp.cpp; path = extension_set_heavy.cc; sourceTree = "<group>"; };
		90AC012F1BBE8632002D791A /* generated_enum_reflection.h */ = {isa = PBXFileReference; fileEncoding = 4; lastKnownFileType = sourcecode.c.h; path = generated_enum_reflection.h; sourceTree = "<group>"; };
		90AC01301BBE8632002D791A /* generated_message_reflection.cc */ = {isa = PBXFileReference; fileEncoding = 4; lastKnownFileType = sourcecode.cpp.cpp; path = generated_message_reflection.cc; sourceTree = "<group>"; };
		90AC01311BBE8632002D791A /* generated_message_reflection.h */ = {isa = PBXFileReference; fileEncoding = 4; lastKnownFileType = sourcecode.c.h; path = generated_message_reflection.h; sourceTree = "<group>"; };
		90AC01321BBE8632002D791A /* generated_message_util.cc */ = {isa = PBXFileReference; fileEncoding = 4; lastKnownFileType = sourcecode.cpp.cpp; path = generated_message_util.cc; sourceTree = "<group>"; };
		90AC01331BBE8632002D791A /* generated_message_util.h */ = {isa = PBXFileReference; fileEncoding = 4; lastKnownFileType = sourcecode.c.h; path = generated_message_util.h; sourceTree = "<group>"; };
		90AC01351BBE8632002D791A /* coded_stream.cc */ = {isa = PBXFileReference; fileEncoding = 4; lastKnownFileType = sourcecode.cpp.cpp; path = coded_stream.cc; sourceTree = "<group>"; };
		90AC01361BBE8632002D791A /* coded_stream.h */ = {isa = PBXFileReference; fileEncoding = 4; lastKnownFileType = sourcecode.c.h; path = coded_stream.h; sourceTree = "<group>"; };
		90AC01371BBE8632002D791A /* coded_stream_inl.h */ = {isa = PBXFileReference; fileEncoding = 4; lastKnownFileType = sourcecode.c.h; path = coded_stream_inl.h; sourceTree = "<group>"; };
		90AC01381BBE8632002D791A /* gzip_stream.cc */ = {isa = PBXFileReference; fileEncoding = 4; lastKnownFileType = sourcecode.cpp.cpp; path = gzip_stream.cc; sourceTree = "<group>"; };
		90AC01391BBE8632002D791A /* gzip_stream.h */ = {isa = PBXFileReference; fileEncoding = 4; lastKnownFileType = sourcecode.c.h; path = gzip_stream.h; sourceTree = "<group>"; };
		90AC013A1BBE8632002D791A /* package_info.h */ = {isa = PBXFileReference; fileEncoding = 4; lastKnownFileType = sourcecode.c.h; path = package_info.h; sourceTree = "<group>"; };
		90AC013B1BBE8632002D791A /* printer.cc */ = {isa = PBXFileReference; fileEncoding = 4; lastKnownFileType = sourcecode.cpp.cpp; path = printer.cc; sourceTree = "<group>"; };
		90AC013C1BBE8632002D791A /* printer.h */ = {isa = PBXFileReference; fileEncoding = 4; lastKnownFileType = sourcecode.c.h; path = printer.h; sourceTree = "<group>"; };
		90AC013D1BBE8632002D791A /* tokenizer.cc */ = {isa = PBXFileReference; fileEncoding = 4; lastKnownFileType = sourcecode.cpp.cpp; path = tokenizer.cc; sourceTree = "<group>"; };
		90AC013E1BBE8632002D791A /* tokenizer.h */ = {isa = PBXFileReference; fileEncoding = 4; lastKnownFileType = sourcecode.c.h; path = tokenizer.h; sourceTree = "<group>"; };
		90AC013F1BBE8632002D791A /* zero_copy_stream.cc */ = {isa = PBXFileReference; fileEncoding = 4; lastKnownFileType = sourcecode.cpp.cpp; path = zero_copy_stream.cc; sourceTree = "<group>"; };
		90AC01401BBE8632002D791A /* zero_copy_stream.h */ = {isa = PBXFileReference; fileEncoding = 4; lastKnownFileType = sourcecode.c.h; path = zero_copy_stream.h; sourceTree = "<group>"; };
		90AC01411BBE8632002D791A /* zero_copy_stream_impl.cc */ = {isa = PBXFileReference; fileEncoding = 4; lastKnownFileType = sourcecode.cpp.cpp; path = zero_copy_stream_impl.cc; sourceTree = "<group>"; };
		90AC01421BBE8632002D791A /* zero_copy_stream_impl.h */ = {isa = PBXFileReference; fileEncoding = 4; lastKnownFileType = sourcecode.c.h; path = zero_copy_stream_impl.h; sourceTree = "<group>"; };
		90AC01431BBE8632002D791A /* zero_copy_stream_impl_lite.cc */ = {isa = PBXFileReference; fileEncoding = 4; lastKnownFileType = sourcecode.cpp.cpp; path = zero_copy_stream_impl_lite.cc; sourceTree = "<group>"; };
		90AC01441BBE8632002D791A /* zero_copy_stream_impl_lite.h */ = {isa = PBXFileReference; fileEncoding = 4; lastKnownFileType = sourcecode.c.h; path = zero_copy_stream_impl_lite.h; sourceTree = "<group>"; };
		90AC01451BBE8632002D791A /* message.cc */ = {isa = PBXFileReference; fileEncoding = 4; lastKnownFileType = sourcecode.cpp.cpp; path = message.cc; sourceTree = "<group>"; };
		90AC01461BBE8632002D791A /* message.h */ = {isa = PBXFileReference; fileEncoding = 4; lastKnownFileType = sourcecode.c.h; path = message.h; sourceTree = "<group>"; };
		90AC01471BBE8632002D791A /* message_lite.cc */ = {isa = PBXFileReference; fileEncoding = 4; lastKnownFileType = sourcecode.cpp.cpp; path = message_lite.cc; sourceTree = "<group>"; };
		90AC01481BBE8632002D791A /* message_lite.h */ = {isa = PBXFileReference; fileEncoding = 4; lastKnownFileType = sourcecode.c.h; path = message_lite.h; sourceTree = "<group>"; };
		90AC01491BBE8632002D791A /* package_info.h */ = {isa = PBXFileReference; fileEncoding = 4; lastKnownFileType = sourcecode.c.h; path = package_info.h; sourceTree = "<group>"; };
		90AC014A1BBE8632002D791A /* reflection_ops.cc */ = {isa = PBXFileReference; fileEncoding = 4; lastKnownFileType = sourcecode.cpp.cpp; path = reflection_ops.cc; sourceTree = "<group>"; };
		90AC014B1BBE8632002D791A /* reflection_ops.h */ = {isa = PBXFileReference; fileEncoding = 4; lastKnownFileType = sourcecode.c.h; path = reflection_ops.h; sourceTree = "<group>"; };
		90AC014C1BBE8632002D791A /* repeated_field.cc */ = {isa = PBXFileReference; fileEncoding = 4; lastKnownFileType = sourcecode.cpp.cpp; path = repeated_field.cc; sourceTree = "<group>"; };
		90AC014D1BBE8632002D791A /* repeated_field.h */ = {isa = PBXFileReference; fileEncoding = 4; lastKnownFileType = sourcecode.c.h; path = repeated_field.h; sourceTree = "<group>"; };
		90AC014E1BBE8632002D791A /* service.cc */ = {isa = PBXFileReference; fileEncoding = 4; lastKnownFileType = sourcecode.cpp.cpp; path = service.cc; sourceTree = "<group>"; };
		90AC014F1BBE8632002D791A /* service.h */ = {isa = PBXFileReference; fileEncoding = 4; lastKnownFileType = sourcecode.c.h; path = service.h; sourceTree = "<group>"; };
		90AC01511BBE8632002D791A /* atomicops.h */ = {isa = PBXFileReference; fileEncoding = 4; lastKnownFileType = sourcecode.c.h; path = atomicops.h; sourceTree = "<group>"; };
		90AC01521BBE8632002D791A /* atomicops_internals_arm_gcc.h */ = {isa = PBXFileReference; fileEncoding = 4; lastKnownFileType = sourcecode.c.h; path = atomicops_internals_arm_gcc.h; sourceTree = "<group>"; };
		90AC01531BBE8632002D791A /* atomicops_internals_arm_qnx.h */ = {isa = PBXFileReference; fileEncoding = 4; lastKnownFileType = sourcecode.c.h; path = atomicops_internals_arm_qnx.h; sourceTree = "<group>"; };
		90AC01541BBE8632002D791A /* atomicops_internals_atomicword_compat.h */ = {isa = PBXFileReference; fileEncoding = 4; lastKnownFileType = sourcecode.c.h; path = atomicops_internals_atomicword_compat.h; sourceTree = "<group>"; };
		90AC01551BBE8632002D791A /* atomicops_internals_macosx.h */ = {isa = PBXFileReference; fileEncoding = 4; lastKnownFileType = sourcecode.c.h; path = atomicops_internals_macosx.h; sourceTree = "<group>"; };
		90AC01561BBE8632002D791A /* atomicops_internals_mips_gcc.h */ = {isa = PBXFileReference; fileEncoding = 4; lastKnownFileType = sourcecode.c.h; path = atomicops_internals_mips_gcc.h; sourceTree = "<group>"; };
		90AC01571BBE8632002D791A /* atomicops_internals_pnacl.h */ = {isa = PBXFileReference; fileEncoding = 4; lastKnownFileType = sourcecode.c.h; path = atomicops_internals_pnacl.h; sourceTree = "<group>"; };
		90AC01581BBE8632002D791A /* atomicops_internals_x86_gcc.cc */ = {isa = PBXFileReference; fileEncoding = 4; lastKnownFileType = sourcecode.cpp.cpp; path = atomicops_internals_x86_gcc.cc; sourceTree = "<group>"; };
		90AC01591BBE8632002D791A /* atomicops_internals_x86_gcc.h */ = {isa = PBXFileReference; fileEncoding = 4; lastKnownFileType = sourcecode.c.h; path = atomicops_internals_x86_gcc.h; sourceTree = "<group>"; };
		90AC015A1BBE8632002D791A /* atomicops_internals_x86_msvc.cc */ = {isa = PBXFileReference; fileEncoding = 4; lastKnownFileType = sourcecode.cpp.cpp; path = atomicops_internals_x86_msvc.cc; sourceTree = "<group>"; };
		90AC015B1BBE8632002D791A /* atomicops_internals_x86_msvc.h */ = {isa = PBXFileReference; fileEncoding = 4; lastKnownFileType = sourcecode.c.h; path = atomicops_internals_x86_msvc.h; sourceTree = "<group>"; };
		90AC015C1BBE8632002D791A /* common.cc */ = {isa = PBXFileReference; fileEncoding = 4; lastKnownFileType = sourcecode.cpp.cpp; path = common.cc; sourceTree = "<group>"; };
		90AC015D1BBE8632002D791A /* common.h */ = {isa = PBXFileReference; fileEncoding = 4; lastKnownFileType = sourcecode.c.h; path = common.h; sourceTree = "<group>"; };
		90AC015E1BBE8632002D791A /* hash.h */ = {isa = PBXFileReference; fileEncoding = 4; lastKnownFileType = sourcecode.c.h; path = hash.h; sourceTree = "<group>"; };
		90AC015F1BBE8632002D791A /* map-util.h */ = {isa = PBXFileReference; fileEncoding = 4; lastKnownFileType = sourcecode.c.h; path = "map-util.h"; sourceTree = "<group>"; };
		90AC01601BBE8632002D791A /* once.cc */ = {isa = PBXFileReference; fileEncoding = 4; lastKnownFileType = sourcecode.cpp.cpp; path = once.cc; sourceTree = "<group>"; };
		90AC01611BBE8632002D791A /* once.h */ = {isa = PBXFileReference; fileEncoding = 4; lastKnownFileType = sourcecode.c.h; path = once.h; sourceTree = "<group>"; };
		90AC01621BBE8632002D791A /* platform_macros.h */ = {isa = PBXFileReference; fileEncoding = 4; lastKnownFileType = sourcecode.c.h; path = platform_macros.h; sourceTree = "<group>"; };
		90AC01631BBE8632002D791A /* stl_util.h */ = {isa = PBXFileReference; fileEncoding = 4; lastKnownFileType = sourcecode.c.h; path = stl_util.h; sourceTree = "<group>"; };
		90AC01641BBE8632002D791A /* stringprintf.cc */ = {isa = PBXFileReference; fileEncoding = 4; lastKnownFileType = sourcecode.cpp.cpp; path = stringprintf.cc; sourceTree = "<group>"; };
		90AC01651BBE8632002D791A /* stringprintf.h */ = {isa = PBXFileReference; fileEncoding = 4; lastKnownFileType = sourcecode.c.h; path = stringprintf.h; sourceTree = "<group>"; };
		90AC01661BBE8632002D791A /* structurally_valid.cc */ = {isa = PBXFileReference; fileEncoding = 4; lastKnownFileType = sourcecode.cpp.cpp; path = structurally_valid.cc; sourceTree = "<group>"; };
		90AC01671BBE8632002D791A /* strutil.cc */ = {isa = PBXFileReference; fileEncoding = 4; lastKnownFileType = sourcecode.cpp.cpp; path = strutil.cc; sourceTree = "<group>"; };
		90AC01681BBE8632002D791A /* strutil.h */ = {isa = PBXFileReference; fileEncoding = 4; lastKnownFileType = sourcecode.c.h; path = strutil.h; sourceTree = "<group>"; };
		90AC01691BBE8632002D791A /* substitute.cc */ = {isa = PBXFileReference; fileEncoding = 4; lastKnownFileType = sourcecode.cpp.cpp; path = substitute.cc; sourceTree = "<group>"; };
		90AC016A1BBE8632002D791A /* substitute.h */ = {isa = PBXFileReference; fileEncoding = 4; lastKnownFileType = sourcecode.c.h; path = substitute.h; sourceTree = "<group>"; };
		90AC016B1BBE8632002D791A /* template_util.h */ = {isa = PBXFileReference; fileEncoding = 4; lastKnownFileType = sourcecode.c.h; path = template_util.h; sourceTree = "<group>"; };
		90AC016C1BBE8632002D791A /* type_traits.h */ = {isa = PBXFileReference; fileEncoding = 4; lastKnownFileType = sourcecode.c.h; path = type_traits.h; sourceTree = "<group>"; };
		90AC016E1BBE8632002D791A /* file.cc */ = {isa = PBXFileReference; fileEncoding = 4; lastKnownFileType = sourcecode.cpp.cpp; path = file.cc; sourceTree = "<group>"; };
		90AC016F1BBE8632002D791A /* file.h */ = {isa = PBXFileReference; fileEncoding = 4; lastKnownFileType = sourcecode.c.h; path = file.h; sourceTree = "<group>"; };
		90AC01701BBE8632002D791A /* googletest.cc */ = {isa = PBXFileReference; fileEncoding = 4; lastKnownFileType = sourcecode.cpp.cpp; path = googletest.cc; sourceTree = "<group>"; };
		90AC01711BBE8632002D791A /* googletest.h */ = {isa = PBXFileReference; fileEncoding = 4; lastKnownFileType = sourcecode.c.h; path = googletest.h; sourceTree = "<group>"; };
		90AC01721BBE8632002D791A /* text_format.cc */ = {isa = PBXFileReference; fileEncoding = 4; lastKnownFileType = sourcecode.cpp.cpp; path = text_format.cc; sourceTree = "<group>"; };
		90AC01731BBE8632002D791A /* text_format.h */ = {isa = PBXFileReference; fileEncoding = 4; lastKnownFileType = sourcecode.c.h; path = text_format.h; sourceTree = "<group>"; };
		90AC01741BBE8632002D791A /* unknown_field_set.cc */ = {isa = PBXFileReference; fileEncoding = 4; lastKnownFileType = sourcecode.cpp.cpp; path = unknown_field_set.cc; sourceTree = "<group>"; };
		90AC01751BBE8632002D791A /* unknown_field_set.h */ = {isa = PBXFileReference; fileEncoding = 4; lastKnownFileType = sourcecode.c.h; path = unknown_field_set.h; sourceTree = "<group>"; };
		90AC01761BBE8632002D791A /* wire_format.cc */ = {isa = PBXFileReference; fileEncoding = 4; lastKnownFileType = sourcecode.cpp.cpp; path = wire_format.cc; sourceTree = "<group>"; };
		90AC01771BBE8632002D791A /* wire_format.h */ = {isa = PBXFileReference; fileEncoding = 4; lastKnownFileType = sourcecode.c.h; path = wire_format.h; sourceTree = "<group>"; };
		90AC01781BBE8632002D791A /* wire_format_lite.cc */ = {isa = PBXFileReference; fileEncoding = 4; lastKnownFileType = sourcecode.cpp.cpp; path = wire_format_lite.cc; sourceTree = "<group>"; };
		90AC01791BBE8632002D791A /* wire_format_lite.h */ = {isa = PBXFileReference; fileEncoding = 4; lastKnownFileType = sourcecode.c.h; path = wire_format_lite.h; sourceTree = "<group>"; };
		90AC017A1BBE8632002D791A /* wire_format_lite_inl.h */ = {isa = PBXFileReference; fileEncoding = 4; lastKnownFileType = sourcecode.c.h; path = wire_format_lite_inl.h; sourceTree = "<group>"; };
		90AC017C1BBE8632002D791A /* CallBackVo.cpp */ = {isa = PBXFileReference; fileEncoding = 4; lastKnownFileType = sourcecode.cpp.cpp; path = CallBackVo.cpp; sourceTree = "<group>"; };
		90AC017D1BBE8632002D791A /* CallBackVo.h */ = {isa = PBXFileReference; fileEncoding = 4; lastKnownFileType = sourcecode.c.h; path = CallBackVo.h; sourceTree = "<group>"; };
		90AC017E1BBE8632002D791A /* LocalFileManger.cpp */ = {isa = PBXFileReference; fileEncoding = 4; lastKnownFileType = sourcecode.cpp.cpp; path = LocalFileManger.cpp; sourceTree = "<group>"; };
		90AC017F1BBE8632002D791A /* LocalFileManger.h */ = {isa = PBXFileReference; fileEncoding = 4; lastKnownFileType = sourcecode.c.h; path = LocalFileManger.h; sourceTree = "<group>"; };
		90AC01801BBE8632002D791A /* MD5.cpp */ = {isa = PBXFileReference; fileEncoding = 4; lastKnownFileType = sourcecode.cpp.cpp; path = MD5.cpp; sourceTree = "<group>"; };
		90AC01811BBE8632002D791A /* MD5.h */ = {isa = PBXFileReference; fileEncoding = 4; lastKnownFileType = sourcecode.c.h; path = MD5.h; sourceTree = "<group>"; };
		90AC01821BBE8632002D791A /* ObserverManger.cpp */ = {isa = PBXFileReference; fileEncoding = 4; lastKnownFileType = sourcecode.cpp.cpp; path = ObserverManger.cpp; sourceTree = "<group>"; };
		90AC01831BBE8632002D791A /* ObserverManger.h */ = {isa = PBXFileReference; fileEncoding = 4; lastKnownFileType = sourcecode.c.h; path = ObserverManger.h; sourceTree = "<group>"; };
		90AC01841BBE8632002D791A /* strHash.cpp */ = {isa = PBXFileReference; fileEncoding = 4; lastKnownFileType = sourcecode.cpp.cpp; path = strHash.cpp; sourceTree = "<group>"; };
		90AC01851BBE8632002D791A /* strHash.h */ = {isa = PBXFileReference; fileEncoding = 4; lastKnownFileType = sourcecode.c.h; path = strHash.h; sourceTree = "<group>"; };
		90AC01861BBE8632002D791A /* StrSplit.cpp */ = {isa = PBXFileReference; fileEncoding = 4; lastKnownFileType = sourcecode.cpp.cpp; path = StrSplit.cpp; sourceTree = "<group>"; };
		90AC01871BBE8632002D791A /* StrSplit.h */ = {isa = PBXFileReference; fileEncoding = 4; lastKnownFileType = sourcecode.c.h; path = StrSplit.h; sourceTree = "<group>"; };
		90AC01881BBE8632002D791A /* TimeUtil.cpp */ = {isa = PBXFileReference; fileEncoding = 4; lastKnownFileType = sourcecode.cpp.cpp; path = TimeUtil.cpp; sourceTree = "<group>"; };
		90AC01891BBE8632002D791A /* TimeUtil.h */ = {isa = PBXFileReference; fileEncoding = 4; lastKnownFileType = sourcecode.c.h; path = TimeUtil.h; sourceTree = "<group>"; };
		90AC01B51BBE8759002D791A /* PHBasePhysicsBullet.cpp */ = {isa = PBXFileReference; fileEncoding = 4; lastKnownFileType = sourcecode.cpp.cpp; path = PHBasePhysicsBullet.cpp; sourceTree = "<group>"; };
		90AC01B61BBE8759002D791A /* PHBasePhysicsBullet.h */ = {isa = PBXFileReference; fileEncoding = 4; lastKnownFileType = sourcecode.c.h; path = PHBasePhysicsBullet.h; sourceTree = "<group>"; };
		BF170DB012928DE900B8313A /* OpenGLES.framework */ = {isa = PBXFileReference; lastKnownFileType = wrapper.framework; name = OpenGLES.framework; path = System/Library/Frameworks/OpenGLES.framework; sourceTree = SDKROOT; };
		BF170DB412928DE900B8313A /* libz.dylib */ = {isa = PBXFileReference; lastKnownFileType = "compiled.mach-o.dylib"; name = libz.dylib; path = usr/lib/libz.dylib; sourceTree = SDKROOT; };
		BF1C47EA1293683800B63C5D /* QuartzCore.framework */ = {isa = PBXFileReference; lastKnownFileType = wrapper.framework; name = QuartzCore.framework; path = System/Library/Frameworks/QuartzCore.framework; sourceTree = SDKROOT; };
		D44C620B132DFF330009C878 /* OpenAL.framework */ = {isa = PBXFileReference; lastKnownFileType = wrapper.framework; name = OpenAL.framework; path = System/Library/Frameworks/OpenAL.framework; sourceTree = SDKROOT; };
		D44C620D132DFF430009C878 /* AVFoundation.framework */ = {isa = PBXFileReference; lastKnownFileType = wrapper.framework; name = AVFoundation.framework; path = System/Library/Frameworks/AVFoundation.framework; sourceTree = SDKROOT; };
		D44C620F132DFF4E0009C878 /* AudioToolbox.framework */ = {isa = PBXFileReference; lastKnownFileType = wrapper.framework; name = AudioToolbox.framework; path = System/Library/Frameworks/AudioToolbox.framework; sourceTree = SDKROOT; };
		D6B0611A1803AB670077942B /* CoreMotion.framework */ = {isa = PBXFileReference; lastKnownFileType = wrapper.framework; name = CoreMotion.framework; path = Platforms/iPhoneOS.platform/Developer/SDKs/iPhoneOS7.0.sdk/System/Library/Frameworks/CoreMotion.framework; sourceTree = DEVELOPER_DIR; };
		ED545A7B1B68A1F400C3958E /* libiconv.dylib */ = {isa = PBXFileReference; lastKnownFileType = "compiled.mach-o.dylib"; name = libiconv.dylib; path = Platforms/iPhoneOS.platform/Developer/SDKs/iPhoneOS8.4.sdk/usr/lib/libiconv.dylib; sourceTree = DEVELOPER_DIR; };
		ED545A7D1B68A1FA00C3958E /* libiconv.dylib */ = {isa = PBXFileReference; lastKnownFileType = "compiled.mach-o.dylib"; name = libiconv.dylib; path = usr/lib/libiconv.dylib; sourceTree = SDKROOT; };
/* End PBXFileReference section */

/* Begin PBXFrameworksBuildPhase section */
		1D60588F0D05DD3D006BFB54 /* Frameworks */ = {
			isa = PBXFrameworksBuildPhase;
			buildActionMask = 2147483647;
			files = (
				ED545A7C1B68A1F400C3958E /* libiconv.dylib in Frameworks */,
				52B47A471A53D09C004E4C60 /* Security.framework in Frameworks */,
				D6B0611B1803AB670077942B /* CoreMotion.framework in Frameworks */,
				1D60589F0D05DD5A006BFB54 /* Foundation.framework in Frameworks */,
				1DF5F4E00D08C38300B7A737 /* UIKit.framework in Frameworks */,
				288765A50DF7441C002DB57D /* CoreGraphics.framework in Frameworks */,
				BF171245129291EC00B8313A /* OpenGLES.framework in Frameworks */,
				BF1712471292920000B8313A /* libz.dylib in Frameworks */,
				BF1C47F01293687400B63C5D /* QuartzCore.framework in Frameworks */,
				D44C620C132DFF330009C878 /* OpenAL.framework in Frameworks */,
				D44C620E132DFF430009C878 /* AVFoundation.framework in Frameworks */,
				D44C6210132DFF4E0009C878 /* AudioToolbox.framework in Frameworks */,
				E19D4A118696E80A9D362D84 /* libcocos2d iOS.a in Frameworks */,
			);
			runOnlyForDeploymentPostprocessing = 0;
		};
		5087E75C17EB910900C73F5D /* Frameworks */ = {
			isa = PBXFrameworksBuildPhase;
			buildActionMask = 2147483647;
			files = (
				ED545A7E1B68A1FA00C3958E /* libiconv.dylib in Frameworks */,
				5087E76717EB910900C73F5D /* libz.dylib in Frameworks */,
				8262943E1AAF051F00CB7CF7 /* Security.framework in Frameworks */,
				503AE11B17EB9C5A00D1A890 /* IOKit.framework in Frameworks */,
				5087E78B17EB975400C73F5D /* OpenGL.framework in Frameworks */,
				5087E78917EB974C00C73F5D /* AppKit.framework in Frameworks */,
				5087E76317EB910900C73F5D /* Foundation.framework in Frameworks */,
				5087E76817EB910900C73F5D /* QuartzCore.framework in Frameworks */,
				5087E76917EB910900C73F5D /* OpenAL.framework in Frameworks */,
				5087E76A17EB910900C73F5D /* AVFoundation.framework in Frameworks */,
				5087E76B17EB910900C73F5D /* AudioToolbox.framework in Frameworks */,
				F0F24BEB88841CFBFE570287 /* libcocos2d Mac.a in Frameworks */,
			);
			runOnlyForDeploymentPostprocessing = 0;
		};
/* End PBXFrameworksBuildPhase section */

/* Begin PBXGroup section */
		080E96DDFE201D6D7F000001 /* ios */ = {
			isa = PBXGroup;
			children = (
				5087E77117EB970100C73F5D /* Icons */,
				503AE0FA17EB989F00D1A890 /* AppController.h */,
				503AE0FB17EB989F00D1A890 /* AppController.mm */,
				503AE0FC17EB989F00D1A890 /* main.m */,
				503AE0FD17EB989F00D1A890 /* Prefix.pch */,
				503AE0FE17EB989F00D1A890 /* RootViewController.h */,
				503AE0FF17EB989F00D1A890 /* RootViewController.mm */,
			);
			name = ios;
			path = Classes;
			sourceTree = "<group>";
		};
		19C28FACFE9D520D11CA2CBB /* Products */ = {
			isa = PBXGroup;
			children = (
				1D6058910D05DD3D006BFB54 /* physicsdemo-mobile.app */,
				5087E76F17EB910900C73F5D /* physicsdemo-desktop.app */,
			);
			name = Products;
			sourceTree = "<group>";
		};
		1D154A029B50D0429C64FB16 /* mac-libs */ = {
			isa = PBXGroup;
			children = (
				5CC84510B1413B3FCD7DE99B /* libcocos2d Mac.a */,
			);
			name = "mac-libs";
			sourceTree = "<group>";
		};
		29B97314FDCFA39411CA2CEA /* CustomTemplate */ = {
			isa = PBXGroup;
			children = (
				46880B8319C43A87006E1F66 /* Classes */,
				46880B7519C43A67006E1F66 /* Resources */,
				29B97323FDCFA39411CA2CEA /* Frameworks */,
				080E96DDFE201D6D7F000001 /* ios */,
				503AE10617EB990700D1A890 /* mac */,
				19C28FACFE9D520D11CA2CBB /* Products */,
				E1B3452F83740971AFAC9A45 /* ios-libs */,
				1D154A029B50D0429C64FB16 /* mac-libs */,
			);
			name = CustomTemplate;
			sourceTree = "<group>";
		};
		29B97323FDCFA39411CA2CEA /* Frameworks */ = {
			isa = PBXGroup;
			children = (
				ED545A7D1B68A1FA00C3958E /* libiconv.dylib */,
				ED545A7B1B68A1F400C3958E /* libiconv.dylib */,
				8262943D1AAF051F00CB7CF7 /* Security.framework */,
				52B47A461A53D09B004E4C60 /* Security.framework */,
				D6B0611A1803AB670077942B /* CoreMotion.framework */,
				503AE11A17EB9C5A00D1A890 /* IOKit.framework */,
				503AE11117EB99EE00D1A890 /* libcurl.dylib */,
				5087E78A17EB975400C73F5D /* OpenGL.framework */,
				5087E78817EB974C00C73F5D /* AppKit.framework */,
				1ACB3243164770DE00914215 /* libcurl.a */,
				BF170DB412928DE900B8313A /* libz.dylib */,
				D44C620F132DFF4E0009C878 /* AudioToolbox.framework */,
				D44C620D132DFF430009C878 /* AVFoundation.framework */,
				288765A40DF7441C002DB57D /* CoreGraphics.framework */,
				1D30AB110D05D00D00671497 /* Foundation.framework */,
				D44C620B132DFF330009C878 /* OpenAL.framework */,
				BF170DB012928DE900B8313A /* OpenGLES.framework */,
				BF1C47EA1293683800B63C5D /* QuartzCore.framework */,
				1DF5F4DF0D08C38300B7A737 /* UIKit.framework */,
			);
			name = Frameworks;
			sourceTree = "<group>";
		};
		46880B7519C43A67006E1F66 /* Resources */ = {
			isa = PBXGroup;
			children = (
				90AC00BF1BBE5106002D791A /* map */,
				90AC00BC1BBE50F7002D791A /* sprite */,
				7FDD41ADB08C3C9247273E5B /* res */,
			);
			name = Resources;
			path = ../Resources;
			sourceTree = "<group>";
		};
		46880B8319C43A87006E1F66 /* Classes */ = {
			isa = PBXGroup;
			children = (
				90AC00C21BBE51D8002D791A /* physicsdemo */,
				46880B8419C43A87006E1F66 /* AppDelegate.cpp */,
				46880B8519C43A87006E1F66 /* AppDelegate.h */,
				46880B8619C43A87006E1F66 /* HelloWorldScene.cpp */,
				46880B8719C43A87006E1F66 /* HelloWorldScene.h */,
			);
			name = Classes;
			path = ../Classes;
			sourceTree = "<group>";
		};
		503AE0F517EB97AB00D1A890 /* Icons */ = {
			isa = PBXGroup;
			children = (
				503AE0F617EB97AB00D1A890 /* Icon.icns */,
				503AE0F717EB97AB00D1A890 /* Info.plist */,
			);
			name = Icons;
			path = mac;
			sourceTree = SOURCE_ROOT;
		};
		503AE10617EB990700D1A890 /* mac */ = {
			isa = PBXGroup;
			children = (
				503AE0F517EB97AB00D1A890 /* Icons */,
				503AE10317EB98FF00D1A890 /* main.cpp */,
				503AE10417EB98FF00D1A890 /* Prefix.pch */,
			);
			name = mac;
			sourceTree = "<group>";
		};
		5087E77117EB970100C73F5D /* Icons */ = {
			isa = PBXGroup;
			children = (
				521A8E6219F0C34300D177D7 /* Default-667h@2x.png */,
				521A8E6319F0C34300D177D7 /* Default-736h@3x.png */,
				5087E77217EB970100C73F5D /* Default-568h@2x.png */,
				5087E77317EB970100C73F5D /* Default.png */,
				5087E77417EB970100C73F5D /* Default@2x.png */,
				50EF62A017ECD613001EB2F8 /* Icon-29.png */,
				50EF62A117ECD613001EB2F8 /* Icon-50.png */,
				50EF629217ECD46A001EB2F8 /* Icon-40.png */,
				50EF629317ECD46A001EB2F8 /* Icon-58.png */,
				50EF629417ECD46A001EB2F8 /* Icon-80.png */,
				50EF629517ECD46A001EB2F8 /* Icon-100.png */,
				5087E77517EB970100C73F5D /* Icon-114.png */,
				5087E77617EB970100C73F5D /* Icon-120.png */,
				5087E77717EB970100C73F5D /* Icon-144.png */,
				5087E77817EB970100C73F5D /* Icon-152.png */,
				5087E77917EB970100C73F5D /* Icon-57.png */,
				5087E77A17EB970100C73F5D /* Icon-72.png */,
				5087E77B17EB970100C73F5D /* Icon-76.png */,
				5087E77C17EB970100C73F5D /* Info.plist */,
			);
			name = Icons;
			path = ios;
			sourceTree = SOURCE_ROOT;
		};
		90AC00C21BBE51D8002D791A /* physicsdemo */ = {
			isa = PBXGroup;
			children = (
				90AC00F01BBE8632002D791A /* protobuff */,
				90AC00F11BBE8632002D791A /* thridlib */,
				90AC017B1BBE8632002D791A /* util */,
				90AC00EB1BBE6A90002D791A /* warscence */,
				90AC00E21BBE68A2002D791A /* config */,
				90AC00D91BBE6774002D791A /* astartmap */,
				90AC00C81BBE560B002D791A /* box2d */,
				90AC00C31BBE5276002D791A /* PHTiledPhysicsMap.cpp */,
				90AC00C41BBE5276002D791A /* PHTiledPhysicsMap.h */,
				90AC00D51BBE570D002D791A /* PHBasePhysicsSprite.cpp */,
				90AC00D61BBE570D002D791A /* PHBasePhysicsSprite.h */,
				90AC01B51BBE8759002D791A /* PHBasePhysicsBullet.cpp */,
				90AC01B61BBE8759002D791A /* PHBasePhysicsBullet.h */,
			);
			path = physicsdemo;
			sourceTree = "<group>";
		};
		90AC00C81BBE560B002D791A /* box2d */ = {
			isa = PBXGroup;
			children = (
				90AC00E61BBE6921002D791A /* Box2dSprite.cpp */,
				90AC00E71BBE6921002D791A /* Box2dSprite.h */,
				90AC00C91BBE560B002D791A /* Box2dWordManger.cpp */,
				90AC00CA1BBE560B002D791A /* Box2dWordManger.h */,
				90AC00CB1BBE560B002D791A /* GLES-Render.cpp */,
				90AC00CC1BBE560B002D791A /* GLES-Render.h */,
				90AC00CD1BBE560B002D791A /* MyContactListener.cpp */,
				90AC00CE1BBE560B002D791A /* MyContactListener.h */,
			);
			path = box2d;
			sourceTree = "<group>";
		};
		90AC00D91BBE6774002D791A /* astartmap */ = {
			isa = PBXGroup;
			children = (
				90AC00DA1BBE6774002D791A /* AStarMap6SideManger.cpp */,
				90AC00DB1BBE6774002D791A /* AStarMap6SideManger.h */,
				90AC00DC1BBE6774002D791A /* AStarMapManger.cpp */,
				90AC00DD1BBE6774002D791A /* AStarMapManger.h */,
			);
			path = astartmap;
			sourceTree = "<group>";
		};
		90AC00E21BBE68A2002D791A /* config */ = {
			isa = PBXGroup;
			children = (
				90AC00EA1BBE697D002D791A /* SpriteConfig.h */,
				90AC00E31BBE68A2002D791A /* AnimationConfig.h */,
				90AC00E41BBE68A2002D791A /* Box2dConfig.h */,
				90AC00E51BBE68A2002D791A /* GameViewConfig.h */,
			);
			path = config;
			sourceTree = "<group>";
		};
		90AC00EB1BBE6A90002D791A /* warscence */ = {
			isa = PBXGroup;
			children = (
				90AC00EC1BBE6AA2002D791A /* WarScenceLayer.cpp */,
				90AC00ED1BBE6AA2002D791A /* WarScenceLayer.h */,
			);
			path = warscence;
			sourceTree = "<group>";
		};
		90AC00F01BBE8632002D791A /* protobuff */ = {
			isa = PBXGroup;
			children = (
			);
			path = protobuff;
			sourceTree = "<group>";
		};
		90AC00F11BBE8632002D791A /* thridlib */ = {
			isa = PBXGroup;
			children = (
				90AC00F21BBE8632002D791A /* libchaiscript5_7_1 */,
				90AC011A1BBE8632002D791A /* libxml */,
				90AC011F1BBE8632002D791A /* protobuflibs */,
			);
			path = thridlib;
			sourceTree = "<group>";
		};
		90AC00F21BBE8632002D791A /* libchaiscript5_7_1 */ = {
			isa = PBXGroup;
			children = (
				90AC00F31BBE8632002D791A /* chaiscript.hpp */,
				90AC00F41BBE8632002D791A /* chaiscript_defines.hpp */,
				90AC00F51BBE8632002D791A /* chaiscript_stdlib.hpp */,
				90AC00F61BBE8632002D791A /* chaiscript_threading.hpp */,
				90AC00F71BBE8632002D791A /* dispatchkit */,
				90AC01101BBE8632002D791A /* language */,
				90AC01181BBE8632002D791A /* utility */,
			);
			path = libchaiscript5_7_1;
			sourceTree = "<group>";
		};
		90AC00F71BBE8632002D791A /* dispatchkit */ = {
			isa = PBXGroup;
			children = (
				90AC00F81BBE8632002D791A /* any.hpp */,
				90AC00F91BBE8632002D791A /* bad_boxed_cast.hpp */,
				90AC00FA1BBE8632002D791A /* bind_first.hpp */,
				90AC00FB1BBE8632002D791A /* bootstrap.hpp */,
				90AC00FC1BBE8632002D791A /* bootstrap_stl.hpp */,
				90AC00FD1BBE8632002D791A /* boxed_cast.hpp */,
				90AC00FE1BBE8632002D791A /* boxed_cast_helper.hpp */,
				90AC00FF1BBE8632002D791A /* boxed_number.hpp */,
				90AC01001BBE8632002D791A /* boxed_value.hpp */,
				90AC01011BBE8632002D791A /* callable_traits.hpp */,
				90AC01021BBE8632002D791A /* dispatchkit.hpp */,
				90AC01031BBE8632002D791A /* dynamic_object.hpp */,
				90AC01041BBE8632002D791A /* dynamic_object_detail.hpp */,
				90AC01051BBE8632002D791A /* exception_specification.hpp */,
				90AC01061BBE8632002D791A /* function_call.hpp */,
				90AC01071BBE8632002D791A /* function_call_detail.hpp */,
				90AC01081BBE8632002D791A /* handle_return.hpp */,
				90AC01091BBE8632002D791A /* operators.hpp */,
				90AC010A1BBE8632002D791A /* proxy_constructors.hpp */,
				90AC010B1BBE8632002D791A /* proxy_functions.hpp */,
				90AC010C1BBE8632002D791A /* proxy_functions_detail.hpp */,
				90AC010D1BBE8632002D791A /* register_function.hpp */,
				90AC010E1BBE8632002D791A /* type_conversions.hpp */,
				90AC010F1BBE8632002D791A /* type_info.hpp */,
			);
			path = dispatchkit;
			sourceTree = "<group>";
		};
		90AC01101BBE8632002D791A /* language */ = {
			isa = PBXGroup;
			children = (
				90AC01111BBE8632002D791A /* chaiscript_algebraic.hpp */,
				90AC01121BBE8632002D791A /* chaiscript_common.hpp */,
				90AC01131BBE8632002D791A /* chaiscript_engine.hpp */,
				90AC01141BBE8632002D791A /* chaiscript_eval.hpp */,
				90AC01151BBE8632002D791A /* chaiscript_parser.hpp */,
				90AC01161BBE8632002D791A /* chaiscript_prelude.chai */,
				90AC01171BBE8632002D791A /* chaiscript_prelude_docs.hpp */,
			);
			path = language;
			sourceTree = "<group>";
		};
		90AC01181BBE8632002D791A /* utility */ = {
			isa = PBXGroup;
			children = (
				90AC01191BBE8632002D791A /* utility.hpp */,
			);
			path = utility;
			sourceTree = "<group>";
		};
		90AC011A1BBE8632002D791A /* libxml */ = {
			isa = PBXGroup;
			children = (
				90AC011B1BBE8632002D791A /* rapidxml.hpp */,
				90AC011C1BBE8632002D791A /* rapidxml_iterators.hpp */,
				90AC011D1BBE8632002D791A /* rapidxml_print.hpp */,
				90AC011E1BBE8632002D791A /* rapidxml_utils.hpp */,
			);
			path = libxml;
			sourceTree = "<group>";
		};
		90AC011F1BBE8632002D791A /* protobuflibs */ = {
			isa = PBXGroup;
			children = (
				90AC01201BBE8632002D791A /* config.h */,
				90AC01211BBE8632002D791A /* google */,
			);
			path = protobuflibs;
			sourceTree = "<group>";
		};
		90AC01211BBE8632002D791A /* google */ = {
			isa = PBXGroup;
			children = (
				90AC01221BBE8632002D791A /* protobuf */,
			);
			path = google;
			sourceTree = "<group>";
		};
		90AC01221BBE8632002D791A /* protobuf */ = {
			isa = PBXGroup;
			children = (
				90AC01231BBE8632002D791A /* descriptor.cc */,
				90AC01241BBE8632002D791A /* descriptor.h */,
				90AC01251BBE8632002D791A /* descriptor.pb.cc */,
				90AC01261BBE8632002D791A /* descriptor.pb.h */,
				90AC01271BBE8632002D791A /* descriptor.proto */,
				90AC01281BBE8632002D791A /* descriptor_database.cc */,
				90AC01291BBE8632002D791A /* descriptor_database.h */,
				90AC012A1BBE8632002D791A /* dynamic_message.cc */,
				90AC012B1BBE8632002D791A /* dynamic_message.h */,
				90AC012C1BBE8632002D791A /* extension_set.cc */,
				90AC012D1BBE8632002D791A /* extension_set.h */,
				90AC012E1BBE8632002D791A /* extension_set_heavy.cc */,
				90AC012F1BBE8632002D791A /* generated_enum_reflection.h */,
				90AC01301BBE8632002D791A /* generated_message_reflection.cc */,
				90AC01311BBE8632002D791A /* generated_message_reflection.h */,
				90AC01321BBE8632002D791A /* generated_message_util.cc */,
				90AC01331BBE8632002D791A /* generated_message_util.h */,
				90AC01341BBE8632002D791A /* io */,
				90AC01451BBE8632002D791A /* message.cc */,
				90AC01461BBE8632002D791A /* message.h */,
				90AC01471BBE8632002D791A /* message_lite.cc */,
				90AC01481BBE8632002D791A /* message_lite.h */,
				90AC01491BBE8632002D791A /* package_info.h */,
				90AC014A1BBE8632002D791A /* reflection_ops.cc */,
				90AC014B1BBE8632002D791A /* reflection_ops.h */,
				90AC014C1BBE8632002D791A /* repeated_field.cc */,
				90AC014D1BBE8632002D791A /* repeated_field.h */,
				90AC014E1BBE8632002D791A /* service.cc */,
				90AC014F1BBE8632002D791A /* service.h */,
				90AC01501BBE8632002D791A /* stubs */,
				90AC016D1BBE8632002D791A /* testing */,
				90AC01721BBE8632002D791A /* text_format.cc */,
				90AC01731BBE8632002D791A /* text_format.h */,
				90AC01741BBE8632002D791A /* unknown_field_set.cc */,
				90AC01751BBE8632002D791A /* unknown_field_set.h */,
				90AC01761BBE8632002D791A /* wire_format.cc */,
				90AC01771BBE8632002D791A /* wire_format.h */,
				90AC01781BBE8632002D791A /* wire_format_lite.cc */,
				90AC01791BBE8632002D791A /* wire_format_lite.h */,
				90AC017A1BBE8632002D791A /* wire_format_lite_inl.h */,
			);
			path = protobuf;
			sourceTree = "<group>";
		};
		90AC01341BBE8632002D791A /* io */ = {
			isa = PBXGroup;
			children = (
				90AC01351BBE8632002D791A /* coded_stream.cc */,
				90AC01361BBE8632002D791A /* coded_stream.h */,
				90AC01371BBE8632002D791A /* coded_stream_inl.h */,
				90AC01381BBE8632002D791A /* gzip_stream.cc */,
				90AC01391BBE8632002D791A /* gzip_stream.h */,
				90AC013A1BBE8632002D791A /* package_info.h */,
				90AC013B1BBE8632002D791A /* printer.cc */,
				90AC013C1BBE8632002D791A /* printer.h */,
				90AC013D1BBE8632002D791A /* tokenizer.cc */,
				90AC013E1BBE8632002D791A /* tokenizer.h */,
				90AC013F1BBE8632002D791A /* zero_copy_stream.cc */,
				90AC01401BBE8632002D791A /* zero_copy_stream.h */,
				90AC01411BBE8632002D791A /* zero_copy_stream_impl.cc */,
				90AC01421BBE8632002D791A /* zero_copy_stream_impl.h */,
				90AC01431BBE8632002D791A /* zero_copy_stream_impl_lite.cc */,
				90AC01441BBE8632002D791A /* zero_copy_stream_impl_lite.h */,
			);
			path = io;
			sourceTree = "<group>";
		};
		90AC01501BBE8632002D791A /* stubs */ = {
			isa = PBXGroup;
			children = (
				90AC01511BBE8632002D791A /* atomicops.h */,
				90AC01521BBE8632002D791A /* atomicops_internals_arm_gcc.h */,
				90AC01531BBE8632002D791A /* atomicops_internals_arm_qnx.h */,
				90AC01541BBE8632002D791A /* atomicops_internals_atomicword_compat.h */,
				90AC01551BBE8632002D791A /* atomicops_internals_macosx.h */,
				90AC01561BBE8632002D791A /* atomicops_internals_mips_gcc.h */,
				90AC01571BBE8632002D791A /* atomicops_internals_pnacl.h */,
				90AC01581BBE8632002D791A /* atomicops_internals_x86_gcc.cc */,
				90AC01591BBE8632002D791A /* atomicops_internals_x86_gcc.h */,
				90AC015A1BBE8632002D791A /* atomicops_internals_x86_msvc.cc */,
				90AC015B1BBE8632002D791A /* atomicops_internals_x86_msvc.h */,
				90AC015C1BBE8632002D791A /* common.cc */,
				90AC015D1BBE8632002D791A /* common.h */,
				90AC015E1BBE8632002D791A /* hash.h */,
				90AC015F1BBE8632002D791A /* map-util.h */,
				90AC01601BBE8632002D791A /* once.cc */,
				90AC01611BBE8632002D791A /* once.h */,
				90AC01621BBE8632002D791A /* platform_macros.h */,
				90AC01631BBE8632002D791A /* stl_util.h */,
				90AC01641BBE8632002D791A /* stringprintf.cc */,
				90AC01651BBE8632002D791A /* stringprintf.h */,
				90AC01661BBE8632002D791A /* structurally_valid.cc */,
				90AC01671BBE8632002D791A /* strutil.cc */,
				90AC01681BBE8632002D791A /* strutil.h */,
				90AC01691BBE8632002D791A /* substitute.cc */,
				90AC016A1BBE8632002D791A /* substitute.h */,
				90AC016B1BBE8632002D791A /* template_util.h */,
				90AC016C1BBE8632002D791A /* type_traits.h */,
			);
			path = stubs;
			sourceTree = "<group>";
		};
		90AC016D1BBE8632002D791A /* testing */ = {
			isa = PBXGroup;
			children = (
				90AC016E1BBE8632002D791A /* file.cc */,
				90AC016F1BBE8632002D791A /* file.h */,
				90AC01701BBE8632002D791A /* googletest.cc */,
				90AC01711BBE8632002D791A /* googletest.h */,
			);
			path = testing;
			sourceTree = "<group>";
		};
		90AC017B1BBE8632002D791A /* util */ = {
			isa = PBXGroup;
			children = (
				90AC017C1BBE8632002D791A /* CallBackVo.cpp */,
				90AC017D1BBE8632002D791A /* CallBackVo.h */,
				90AC017E1BBE8632002D791A /* LocalFileManger.cpp */,
				90AC017F1BBE8632002D791A /* LocalFileManger.h */,
				90AC01801BBE8632002D791A /* MD5.cpp */,
				90AC01811BBE8632002D791A /* MD5.h */,
				90AC01821BBE8632002D791A /* ObserverManger.cpp */,
				90AC01831BBE8632002D791A /* ObserverManger.h */,
				90AC01841BBE8632002D791A /* strHash.cpp */,
				90AC01851BBE8632002D791A /* strHash.h */,
				90AC01861BBE8632002D791A /* StrSplit.cpp */,
				90AC01871BBE8632002D791A /* StrSplit.h */,
				90AC01881BBE8632002D791A /* TimeUtil.cpp */,
				90AC01891BBE8632002D791A /* TimeUtil.h */,
			);
			path = util;
			sourceTree = "<group>";
		};
		E1B3452F83740971AFAC9A45 /* ios-libs */ = {
			isa = PBXGroup;
			children = (
				532641FFA4E0DECB96783029 /* libcocos2d iOS.a */,
			);
			name = "ios-libs";
			sourceTree = "<group>";
		};
/* End PBXGroup section */

/* Begin PBXNativeTarget section */
		1D6058900D05DD3D006BFB54 /* physicsdemo-mobile */ = {
			isa = PBXNativeTarget;
			buildConfigurationList = 1D6058960D05DD3E006BFB54 /* Build configuration list for PBXNativeTarget "physicsdemo-mobile" */;
			buildPhases = (
				1D60588D0D05DD3D006BFB54 /* Resources */,
				1D60588E0D05DD3D006BFB54 /* Sources */,
				1D60588F0D05DD3D006BFB54 /* Frameworks */,
			);
			buildRules = (
			);
			dependencies = (
			);
			name = "physicsdemo-mobile";
			productName = iphone;
			productReference = 1D6058910D05DD3D006BFB54 /* physicsdemo-mobile.app */;
			productType = "com.apple.product-type.application";
		};
		5087E73D17EB910900C73F5D /* physicsdemo-desktop */ = {
			isa = PBXNativeTarget;
			buildConfigurationList = 5087E76C17EB910900C73F5D /* Build configuration list for PBXNativeTarget "physicsdemo-desktop" */;
			buildPhases = (
				5087E74817EB910900C73F5D /* Resources */,
				5087E75617EB910900C73F5D /* Sources */,
				5087E75C17EB910900C73F5D /* Frameworks */,
			);
			buildRules = (
			);
			dependencies = (
			);
			name = "physicsdemo-desktop";
			productName = iphone;
			productReference = 5087E76F17EB910900C73F5D /* physicsdemo-desktop.app */;
			productType = "com.apple.product-type.application";
		};
/* End PBXNativeTarget section */

/* Begin PBXProject section */
		29B97313FDCFA39411CA2CEA /* Project object */ = {
			isa = PBXProject;
			attributes = {
				LastUpgradeCheck = 0500;
			};
			buildConfigurationList = C01FCF4E08A954540054247B /* Build configuration list for PBXProject "physicsdemo" */;
			compatibilityVersion = "Xcode 3.2";
			developmentRegion = English;
			hasScannedForEncodings = 1;
			knownRegions = (
				English,
				Japanese,
				French,
				German,
			);
			mainGroup = 29B97314FDCFA39411CA2CEA /* CustomTemplate */;
			projectDirPath = "";
			projectRoot = "";
			targets = (
				1D6058900D05DD3D006BFB54 /* physicsdemo-mobile */,
				5087E73D17EB910900C73F5D /* physicsdemo-desktop */,
			);
		};
/* End PBXProject section */

/* Begin PBXResourcesBuildPhase section */
		1D60588D0D05DD3D006BFB54 /* Resources */ = {
			isa = PBXResourcesBuildPhase;
			buildActionMask = 2147483647;
			files = (
				5087E78117EB970100C73F5D /* Icon-120.png in Resources */,
				5087E78617EB970100C73F5D /* Icon-76.png in Resources */,
				5087E77F17EB970100C73F5D /* Default@2x.png in Resources */,
				50EF629917ECD46A001EB2F8 /* Icon-100.png in Resources */,
				5087E78317EB970100C73F5D /* Icon-152.png in Resources */,
				5087E77D17EB970100C73F5D /* Default-568h@2x.png in Resources */,
				90AC00BD1BBE50F7002D791A /* sprite in Resources */,
				5087E78517EB970100C73F5D /* Icon-72.png in Resources */,
				521A8E6519F0C34300D177D7 /* Default-736h@3x.png in Resources */,
				90AC00C01BBE5106002D791A /* map in Resources */,
				50EF62A317ECD613001EB2F8 /* Icon-50.png in Resources */,
				5087E78017EB970100C73F5D /* Icon-114.png in Resources */,
				50EF62A217ECD613001EB2F8 /* Icon-29.png in Resources */,
				50EF629617ECD46A001EB2F8 /* Icon-40.png in Resources */,
				5087E78217EB970100C73F5D /* Icon-144.png in Resources */,
				50EF629817ECD46A001EB2F8 /* Icon-80.png in Resources */,
				90AC018A1BBE8632002D791A /* chaiscript_prelude.chai in Resources */,
				5087E78417EB970100C73F5D /* Icon-57.png in Resources */,
				5087E77E17EB970100C73F5D /* Default.png in Resources */,
				521A8E6419F0C34300D177D7 /* Default-667h@2x.png in Resources */,
				50EF629717ECD46A001EB2F8 /* Icon-58.png in Resources */,
				AE6B4A53AA5E86DAB2449D11 /* res in Resources */,
				90AC018D1BBE8632002D791A /* descriptor.proto in Resources */,
			);
			runOnlyForDeploymentPostprocessing = 0;
		};
		5087E74817EB910900C73F5D /* Resources */ = {
			isa = PBXResourcesBuildPhase;
			buildActionMask = 2147483647;
			files = (
				90AC00BE1BBE50F7002D791A /* sprite in Resources */,
				90AC00C11BBE5106002D791A /* map in Resources */,
				503AE0F817EB97AB00D1A890 /* Icon.icns in Resources */,
				65864E89AE5B86C9D1F66D1E /* res in Resources */,
			);
			runOnlyForDeploymentPostprocessing = 0;
		};
/* End PBXResourcesBuildPhase section */

/* Begin PBXSourcesBuildPhase section */
		1D60588E0D05DD3D006BFB54 /* Sources */ = {
			isa = PBXSourcesBuildPhase;
			buildActionMask = 2147483647;
			files = (
				90AC01A81BBE8632002D791A /* file.cc in Sources */,
				90AC01B11BBE8632002D791A /* ObserverManger.cpp in Sources */,
				90AC01B41BBE8632002D791A /* TimeUtil.cpp in Sources */,
				90AC019C1BBE8632002D791A /* message_lite.cc in Sources */,
				90AC019D1BBE8632002D791A /* reflection_ops.cc in Sources */,
				90AC00D11BBE560B002D791A /* GLES-Render.cpp in Sources */,
				46880B8819C43A87006E1F66 /* AppDelegate.cpp in Sources */,
				90AC00E81BBE6921002D791A /* Box2dSprite.cpp in Sources */,
				90AC01971BBE8632002D791A /* tokenizer.cc in Sources */,
				90AC01A51BBE8632002D791A /* structurally_valid.cc in Sources */,
				90AC018C1BBE8632002D791A /* descriptor.pb.cc in Sources */,
				90AC00D31BBE560B002D791A /* MyContactListener.cpp in Sources */,
				90AC01A91BBE8632002D791A /* googletest.cc in Sources */,
				90AC019A1BBE8632002D791A /* zero_copy_stream_impl_lite.cc in Sources */,
				90AC00C51BBE5276002D791A /* PHTiledPhysicsMap.cpp in Sources */,
				90AC00CF1BBE560B002D791A /* Box2dWordManger.cpp in Sources */,
				46880B8A19C43A87006E1F66 /* HelloWorldScene.cpp in Sources */,
				90AC00EE1BBE6AA2002D791A /* WarScenceLayer.cpp in Sources */,
				90AC01931BBE8632002D791A /* generated_message_util.cc in Sources */,
				90AC01941BBE8632002D791A /* coded_stream.cc in Sources */,
				90AC00E01BBE6774002D791A /* AStarMapManger.cpp in Sources */,
				90AC01A61BBE8632002D791A /* strutil.cc in Sources */,
				90AC01961BBE8632002D791A /* printer.cc in Sources */,
				90AC019B1BBE8632002D791A /* message.cc in Sources */,
				90AC01921BBE8632002D791A /* generated_message_reflection.cc in Sources */,
				90AC01911BBE8632002D791A /* extension_set_heavy.cc in Sources */,
				503AE10017EB989F00D1A890 /* AppController.mm in Sources */,
				90AC01AF1BBE8632002D791A /* LocalFileManger.cpp in Sources */,
				503AE10217EB989F00D1A890 /* RootViewController.mm in Sources */,
				90AC01AE1BBE8632002D791A /* CallBackVo.cpp in Sources */,
				90AC01AB1BBE8632002D791A /* unknown_field_set.cc in Sources */,
				90AC01A01BBE8632002D791A /* atomicops_internals_x86_gcc.cc in Sources */,
				503AE10117EB989F00D1A890 /* main.m in Sources */,
				90AC018F1BBE8632002D791A /* dynamic_message.cc in Sources */,
				90AC018E1BBE8632002D791A /* descriptor_database.cc in Sources */,
				90AC01A41BBE8632002D791A /* stringprintf.cc in Sources */,
				90AC01A11BBE8632002D791A /* atomicops_internals_x86_msvc.cc in Sources */,
				90AC00DE1BBE6774002D791A /* AStarMap6SideManger.cpp in Sources */,
				90AC01B71BBE8759002D791A /* PHBasePhysicsBullet.cpp in Sources */,
				90AC01901BBE8632002D791A /* extension_set.cc in Sources */,
				90AC01AD1BBE8632002D791A /* wire_format_lite.cc in Sources */,
				90AC01981BBE8632002D791A /* zero_copy_stream.cc in Sources */,
				90AC01A31BBE8632002D791A /* once.cc in Sources */,
				90AC01A21BBE8632002D791A /* common.cc in Sources */,
				90AC019E1BBE8632002D791A /* repeated_field.cc in Sources */,
				90AC019F1BBE8632002D791A /* service.cc in Sources */,
				90AC01B21BBE8632002D791A /* strHash.cpp in Sources */,
				90AC01AA1BBE8632002D791A /* text_format.cc in Sources */,
				90AC01A71BBE8632002D791A /* substitute.cc in Sources */,
				90AC00D71BBE570D002D791A /* PHBasePhysicsSprite.cpp in Sources */,
				90AC018B1BBE8632002D791A /* descriptor.cc in Sources */,
				90AC01991BBE8632002D791A /* zero_copy_stream_impl.cc in Sources */,
				90AC01B31BBE8632002D791A /* StrSplit.cpp in Sources */,
				90AC01B01BBE8632002D791A /* MD5.cpp in Sources */,
				90AC01951BBE8632002D791A /* gzip_stream.cc in Sources */,
				90AC01AC1BBE8632002D791A /* wire_format.cc in Sources */,
			);
			runOnlyForDeploymentPostprocessing = 0;
		};
		5087E75617EB910900C73F5D /* Sources */ = {
			isa = PBXSourcesBuildPhase;
			buildActionMask = 2147483647;
			files = (
				90AC00D21BBE560B002D791A /* GLES-Render.cpp in Sources */,
				90AC00D01BBE560B002D791A /* Box2dWordManger.cpp in Sources */,
				90AC00D41BBE560B002D791A /* MyContactListener.cpp in Sources */,
				46880B8919C43A87006E1F66 /* AppDelegate.cpp in Sources */,
				90AC00C61BBE5276002D791A /* PHTiledPhysicsMap.cpp in Sources */,
				90AC00D81BBE570D002D791A /* PHBasePhysicsSprite.cpp in Sources */,
				503AE10517EB98FF00D1A890 /* main.cpp in Sources */,
				90AC00DF1BBE6774002D791A /* AStarMap6SideManger.cpp in Sources */,
				90AC00E11BBE6774002D791A /* AStarMapManger.cpp in Sources */,
				46880B8B19C43A87006E1F66 /* HelloWorldScene.cpp in Sources */,
				90AC00E91BBE6921002D791A /* Box2dSprite.cpp in Sources */,
				90AC00EF1BBE6AA2002D791A /* WarScenceLayer.cpp in Sources */,
			);
			runOnlyForDeploymentPostprocessing = 0;
		};
/* End PBXSourcesBuildPhase section */

/* Begin XCBuildConfiguration section */
		1D6058940D05DD3E006BFB54 /* Debug */ = {
			isa = XCBuildConfiguration;
			buildSettings = {
				ALWAYS_SEARCH_USER_PATHS = YES;
				CODE_SIGN_IDENTITY = "iPhone Developer";
				COMPRESS_PNG_FILES = NO;
				GCC_DYNAMIC_NO_PIC = NO;
				GCC_INLINES_ARE_PRIVATE_EXTERN = NO;
				GCC_PRECOMPILE_PREFIX_HEADER = YES;
				GCC_PREFIX_HEADER = ios/Prefix.pch;
				GCC_PREPROCESSOR_DEFINITIONS = (
					USE_FILE32API,
					CC_TARGET_OS_IPHONE,
					"COCOS2D_DEBUG=1",
					"CC_ENABLE_CHIPMUNK_INTEGRATION=1",
				);
				GCC_SYMBOLS_PRIVATE_EXTERN = NO;
				HEADER_SEARCH_PATHS = (
					"$(inherited)",
					"/Applications/Cocos/frameworks/cocos2d-x-3.8.1/cocos/platform/ios",
					"/Applications/Cocos/frameworks/cocos2d-x-3.8.1/cocos/platform/ios/Simulation",
				);
				INFOPLIST_FILE = ios/Info.plist;
				IPHONEOS_DEPLOYMENT_TARGET = 5.0;
				LIBRARY_SEARCH_PATHS = " /Applications/Cocos/frameworks/cocos2d-x-3.8.1/prebuilt/ios";
				OTHER_LDFLAGS = (
					"$(_COCOS_LIB_IOS_BEGIN)",
					"$(_COCOS_LIB_IOS_END)",
				);
				SDKROOT = iphoneos;
				TARGETED_DEVICE_FAMILY = "1,2";
				USER_HEADER_SEARCH_PATHS = "$(_COCOS_HEADER_IOS_BEGIN) $(_COCOS_HEADER_IOS_END)";
				VALID_ARCHS = "arm64 armv7";
			};
			name = Debug;
		};
		1D6058950D05DD3E006BFB54 /* Release */ = {
			isa = XCBuildConfiguration;
			buildSettings = {
				ALWAYS_SEARCH_USER_PATHS = YES;
				CODE_SIGN_IDENTITY = "iPhone Developer";
				COMPRESS_PNG_FILES = NO;
				GCC_INLINES_ARE_PRIVATE_EXTERN = NO;
				GCC_PRECOMPILE_PREFIX_HEADER = YES;
				GCC_PREFIX_HEADER = ios/Prefix.pch;
				GCC_PREPROCESSOR_DEFINITIONS = (
					USE_FILE32API,
					CC_TARGET_OS_IPHONE,
					"CC_ENABLE_CHIPMUNK_INTEGRATION=1",
				);
				GCC_SYMBOLS_PRIVATE_EXTERN = NO;
				HEADER_SEARCH_PATHS = (
					"$(inherited)",
					"/Applications/Cocos/frameworks/cocos2d-x-3.8.1/cocos/platform/ios",
					"/Applications/Cocos/frameworks/cocos2d-x-3.8.1/cocos/platform/ios/Simulation",
				);
				INFOPLIST_FILE = ios/Info.plist;
				IPHONEOS_DEPLOYMENT_TARGET = 5.0;
				LIBRARY_SEARCH_PATHS = " /Applications/Cocos/frameworks/cocos2d-x-3.8.1/prebuilt/ios";
				OTHER_LDFLAGS = (
					"$(_COCOS_LIB_IOS_BEGIN)",
					"$(_COCOS_LIB_IOS_END)",
				);
				SDKROOT = iphoneos;
				TARGETED_DEVICE_FAMILY = "1,2";
				USER_HEADER_SEARCH_PATHS = "$(_COCOS_HEADER_IOS_BEGIN) $(_COCOS_HEADER_IOS_END)";
				VALID_ARCHS = "arm64 armv7";
			};
			name = Release;
		};
		5087E76D17EB910900C73F5D /* Debug */ = {
			isa = XCBuildConfiguration;
			buildSettings = {
				ALWAYS_SEARCH_USER_PATHS = YES;
				ARCHS = "$(ARCHS_STANDARD_64_BIT)";
				CLANG_CXX_LANGUAGE_STANDARD = "c++0x";
				CLANG_CXX_LIBRARY = "libc++";
				GCC_DYNAMIC_NO_PIC = NO;
				GCC_INLINES_ARE_PRIVATE_EXTERN = NO;
				GCC_PRECOMPILE_PREFIX_HEADER = YES;
				GCC_PREFIX_HEADER = mac/Prefix.pch;
				GCC_PREPROCESSOR_DEFINITIONS = (
					USE_FILE32API,
					CC_TARGET_OS_MAC,
					"COCOS2D_DEBUG=1",
					"CC_ENABLE_CHIPMUNK_INTEGRATION=1",
				);
				GCC_SYMBOLS_PRIVATE_EXTERN = NO;
				HEADER_SEARCH_PATHS = (
					"$(inherited)",
					"/Applications/Cocos/frameworks/cocos2d-x-3.8.1/cocos/platform/mac",
					"/Applications/Cocos/frameworks/cocos2d-x-3.8.1/external/glfw3/include/mac",
				);
				INFOPLIST_FILE = mac/Info.plist;
				LIBRARY_SEARCH_PATHS = " /Applications/Cocos/frameworks/cocos2d-x-3.8.1/prebuilt/mac";
				OTHER_LDFLAGS = (
					"$(_COCOS_LIB_MAC_BEGIN)",
					"$(_COCOS_LIB_MAC_END)",
				);
				USER_HEADER_SEARCH_PATHS = "$(_COCOS_HEADER_MAC_BEGIN) $(_COCOS_HEADER_MAC_END)";
			};
			name = Debug;
		};
		5087E76E17EB910900C73F5D /* Release */ = {
			isa = XCBuildConfiguration;
			buildSettings = {
				ALWAYS_SEARCH_USER_PATHS = YES;
				ARCHS = "$(ARCHS_STANDARD_64_BIT)";
				CLANG_CXX_LANGUAGE_STANDARD = "c++0x";
				CLANG_CXX_LIBRARY = "libc++";
				GCC_INLINES_ARE_PRIVATE_EXTERN = NO;
				GCC_PRECOMPILE_PREFIX_HEADER = YES;
				GCC_PREFIX_HEADER = mac/Prefix.pch;
				GCC_PREPROCESSOR_DEFINITIONS = (
					USE_FILE32API,
					CC_TARGET_OS_MAC,
					"CC_ENABLE_CHIPMUNK_INTEGRATION=1",
				);
				GCC_SYMBOLS_PRIVATE_EXTERN = NO;
				HEADER_SEARCH_PATHS = (
					"$(inherited)",
					"/Applications/Cocos/frameworks/cocos2d-x-3.8.1/cocos/platform/mac",
					"/Applications/Cocos/frameworks/cocos2d-x-3.8.1/external/glfw3/include/mac",
				);
				INFOPLIST_FILE = mac/Info.plist;
				LIBRARY_SEARCH_PATHS = " /Applications/Cocos/frameworks/cocos2d-x-3.8.1/prebuilt/mac";
				OTHER_LDFLAGS = (
					"$(_COCOS_LIB_MAC_BEGIN)",
					"$(_COCOS_LIB_MAC_END)",
				);
				USER_HEADER_SEARCH_PATHS = "$(_COCOS_HEADER_MAC_BEGIN) $(_COCOS_HEADER_MAC_END)";
			};
			name = Release;
		};
		C01FCF4F08A954540054247B /* Debug */ = {
			isa = XCBuildConfiguration;
			buildSettings = {
				CLANG_CXX_LANGUAGE_STANDARD = "c++0x";
				CLANG_CXX_LIBRARY = "libc++";
				COPY_PHASE_STRIP = NO;
				GCC_OPTIMIZATION_LEVEL = 0;
				GCC_WARN_ABOUT_RETURN_TYPE = YES;
				GCC_WARN_UNUSED_VARIABLE = YES;
				HEADER_SEARCH_PATHS = (
					"/Applications/Cocos/frameworks/cocos2d-x-3.8.1",
					"/Applications/Cocos/frameworks/cocos2d-x-3.8.1/cocos",
					"/Applications/Cocos/frameworks/cocos2d-x-3.8.1/cocos/base",
					"/Applications/Cocos/frameworks/cocos2d-x-3.8.1/cocos/physics",
					"/Applications/Cocos/frameworks/cocos2d-x-3.8.1/cocos/math",
					"/Applications/Cocos/frameworks/cocos2d-x-3.8.1/cocos/2d",
					"/Applications/Cocos/frameworks/cocos2d-x-3.8.1/cocos/ui",
					"/Applications/Cocos/frameworks/cocos2d-x-3.8.1/cocos/network",
					"/Applications/Cocos/frameworks/cocos2d-x-3.8.1/cocos/audio/include",
					"/Applications/Cocos/frameworks/cocos2d-x-3.8.1/cocos/editor-support",
					"/Applications/Cocos/frameworks/cocos2d-x-3.8.1/extensions",
					"/Applications/Cocos/frameworks/cocos2d-x-3.8.1/external",
					"/Applications/Cocos/frameworks/cocos2d-x-3.8.1/external/chipmunk/include/chipmunk",
					/Users/woodcol/GitHub/PhysicsGame/Classes/physicsdemo/thridlib/protobuflibs,
				);
				MACOSX_DEPLOYMENT_TARGET = 10.7;
				ONLY_ACTIVE_ARCH = YES;
				PRODUCT_NAME = "$(TARGET_NAME)";
				SDKROOT = macosx;
			};
			name = Debug;
		};
		C01FCF5008A954540054247B /* Release */ = {
			isa = XCBuildConfiguration;
			buildSettings = {
				CLANG_CXX_LANGUAGE_STANDARD = "c++0x";
				CLANG_CXX_LIBRARY = "libc++";
				GCC_WARN_ABOUT_RETURN_TYPE = YES;
				GCC_WARN_UNUSED_VARIABLE = YES;
				HEADER_SEARCH_PATHS = (
					"/Applications/Cocos/frameworks/cocos2d-x-3.8.1",
					"/Applications/Cocos/frameworks/cocos2d-x-3.8.1/cocos",
					"/Applications/Cocos/frameworks/cocos2d-x-3.8.1/cocos/base",
					"/Applications/Cocos/frameworks/cocos2d-x-3.8.1/cocos/physics",
					"/Applications/Cocos/frameworks/cocos2d-x-3.8.1/cocos/math",
					"/Applications/Cocos/frameworks/cocos2d-x-3.8.1/cocos/2d",
					"/Applications/Cocos/frameworks/cocos2d-x-3.8.1/cocos/ui",
					"/Applications/Cocos/frameworks/cocos2d-x-3.8.1/cocos/network",
					"/Applications/Cocos/frameworks/cocos2d-x-3.8.1/cocos/audio/include",
					"/Applications/Cocos/frameworks/cocos2d-x-3.8.1/cocos/editor-support",
					"/Applications/Cocos/frameworks/cocos2d-x-3.8.1/extensions",
					"/Applications/Cocos/frameworks/cocos2d-x-3.8.1/external",
					"/Applications/Cocos/frameworks/cocos2d-x-3.8.1/external/chipmunk/include/chipmunk",
					/Users/woodcol/GitHub/PhysicsGame/Classes/physicsdemo/thridlib/protobuflibs,
				);
				MACOSX_DEPLOYMENT_TARGET = 10.7;
				OTHER_CFLAGS = "-DNS_BLOCK_ASSERTIONS=1";
				PRODUCT_NAME = "$(TARGET_NAME)";
				SDKROOT = macosx;
				VALIDATE_PRODUCT = YES;
			};
			name = Release;
		};
/* End XCBuildConfiguration section */

/* Begin XCConfigurationList section */
		1D6058960D05DD3E006BFB54 /* Build configuration list for PBXNativeTarget "physicsdemo-mobile" */ = {
			isa = XCConfigurationList;
			buildConfigurations = (
				1D6058940D05DD3E006BFB54 /* Debug */,
				1D6058950D05DD3E006BFB54 /* Release */,
			);
			defaultConfigurationIsVisible = 0;
			defaultConfigurationName = Debug;
		};
		5087E76C17EB910900C73F5D /* Build configuration list for PBXNativeTarget "physicsdemo-desktop" */ = {
			isa = XCConfigurationList;
			buildConfigurations = (
				5087E76D17EB910900C73F5D /* Debug */,
				5087E76E17EB910900C73F5D /* Release */,
			);
			defaultConfigurationIsVisible = 0;
			defaultConfigurationName = Debug;
		};
		C01FCF4E08A954540054247B /* Build configuration list for PBXProject "physicsdemo" */ = {
			isa = XCConfigurationList;
			buildConfigurations = (
				C01FCF4F08A954540054247B /* Debug */,
				C01FCF5008A954540054247B /* Release */,
			);
			defaultConfigurationIsVisible = 0;
			defaultConfigurationName = Debug;
		};
/* End XCConfigurationList section */
	};
	rootObject = 29B97313FDCFA39411CA2CEA /* Project object */;
}
